// !$*UTF8*$!
{
	archiveVersion = 1;
	classes = {
	};
	objectVersion = 50;
	objects = {

/* Begin PBXBuildFile section */
		BCF489A125D4117300F3D452 /* LEARN3App.swift in Sources */ = {isa = PBXBuildFile; fileRef = BCF489A025D4117300F3D452 /* LEARN3App.swift */; };
		BCF489A325D4117300F3D452 /* ContentView.swift in Sources */ = {isa = PBXBuildFile; fileRef = BCF489A225D4117300F3D452 /* ContentView.swift */; };
		BCF489A525D4117400F3D452 /* Assets.xcassets in Resources */ = {isa = PBXBuildFile; fileRef = BCF489A425D4117400F3D452 /* Assets.xcassets */; };
		BCF489A825D4117400F3D452 /* Preview Assets.xcassets in Resources */ = {isa = PBXBuildFile; fileRef = BCF489A725D4117400F3D452 /* Preview Assets.xcassets */; };
		BCF489B325D4117400F3D452 /* LEARN3Tests.swift in Sources */ = {isa = PBXBuildFile; fileRef = BCF489B225D4117400F3D452 /* LEARN3Tests.swift */; };
		BCF489BE25D4117400F3D452 /* LEARN3UITests.swift in Sources */ = {isa = PBXBuildFile; fileRef = BCF489BD25D4117400F3D452 /* LEARN3UITests.swift */; };
/* End PBXBuildFile section */

/* Begin PBXContainerItemProxy section */
		BCF489AF25D4117400F3D452 /* PBXContainerItemProxy */ = {
			isa = PBXContainerItemProxy;
			containerPortal = BCF4899525D4117300F3D452 /* Project object */;
			proxyType = 1;
			remoteGlobalIDString = BCF4899C25D4117300F3D452;
			remoteInfo = LEARN3;
		};
		BCF489BA25D4117400F3D452 /* PBXContainerItemProxy */ = {
			isa = PBXContainerItemProxy;
			containerPortal = BCF4899525D4117300F3D452 /* Project object */;
			proxyType = 1;
			remoteGlobalIDString = BCF4899C25D4117300F3D452;
			remoteInfo = LEARN3;
		};
/* End PBXContainerItemProxy section */

/* Begin PBXFileReference section */
		BCF4899D25D4117300F3D452 /* LEARN3.app */ = {isa = PBXFileReference; explicitFileType = wrapper.application; includeInIndex = 0; path = LEARN3.app; sourceTree = BUILT_PRODUCTS_DIR; };
		BCF489A025D4117300F3D452 /* LEARN3App.swift */ = {isa = PBXFileReference; lastKnownFileType = sourcecode.swift; path = LEARN3App.swift; sourceTree = "<group>"; };
		BCF489A225D4117300F3D452 /* ContentView.swift */ = {isa = PBXFileReference; lastKnownFileType = sourcecode.swift; path = ContentView.swift; sourceTree = "<group>"; };
		BCF489A425D4117400F3D452 /* Assets.xcassets */ = {isa = PBXFileReference; lastKnownFileType = folder.assetcatalog; path = Assets.xcassets; sourceTree = "<group>"; };
		BCF489A725D4117400F3D452 /* Preview Assets.xcassets */ = {isa = PBXFileReference; lastKnownFileType = folder.assetcatalog; path = "Preview Assets.xcassets"; sourceTree = "<group>"; };
		BCF489A925D4117400F3D452 /* Info.plist */ = {isa = PBXFileReference; lastKnownFileType = text.plist.xml; path = Info.plist; sourceTree = "<group>"; };
		BCF489AE25D4117400F3D452 /* LEARN3Tests.xctest */ = {isa = PBXFileReference; explicitFileType = wrapper.cfbundle; includeInIndex = 0; path = LEARN3Tests.xctest; sourceTree = BUILT_PRODUCTS_DIR; };
		BCF489B225D4117400F3D452 /* LEARN3Tests.swift */ = {isa = PBXFileReference; lastKnownFileType = sourcecode.swift; path = LEARN3Tests.swift; sourceTree = "<group>"; };
		BCF489B425D4117400F3D452 /* Info.plist */ = {isa = PBXFileReference; lastKnownFileType = text.plist.xml; path = Info.plist; sourceTree = "<group>"; };
		BCF489B925D4117400F3D452 /* LEARN3UITests.xctest */ = {isa = PBXFileReference; explicitFileType = wrapper.cfbundle; includeInIndex = 0; path = LEARN3UITests.xctest; sourceTree = BUILT_PRODUCTS_DIR; };
		BCF489BD25D4117400F3D452 /* LEARN3UITests.swift */ = {isa = PBXFileReference; lastKnownFileType = sourcecode.swift; path = LEARN3UITests.swift; sourceTree = "<group>"; };
		BCF489BF25D4117400F3D452 /* Info.plist */ = {isa = PBXFileReference; lastKnownFileType = text.plist.xml; path = Info.plist; sourceTree = "<group>"; };
/* End PBXFileReference section */

/* Begin PBXFrameworksBuildPhase section */
		BCF4899A25D4117300F3D452 /* Frameworks */ = {
			isa = PBXFrameworksBuildPhase;
			buildActionMask = 2147483647;
			files = (
			);
			runOnlyForDeploymentPostprocessing = 0;
		};
		BCF489AB25D4117400F3D452 /* Frameworks */ = {
			isa = PBXFrameworksBuildPhase;
			buildActionMask = 2147483647;
			files = (
			);
			runOnlyForDeploymentPostprocessing = 0;
		};
		BCF489B625D4117400F3D452 /* Frameworks */ = {
			isa = PBXFrameworksBuildPhase;
			buildActionMask = 2147483647;
			files = (
			);
			runOnlyForDeploymentPostprocessing = 0;
		};
/* End PBXFrameworksBuildPhase section */

/* Begin PBXGroup section */
		BCF4899425D4117300F3D452 = {
			isa = PBXGroup;
			children = (
				BCF4899F25D4117300F3D452 /* LEARN3 */,
				BCF489B125D4117400F3D452 /* LEARN3Tests */,
				BCF489BC25D4117400F3D452 /* LEARN3UITests */,
				BCF4899E25D4117300F3D452 /* Products */,
			);
			sourceTree = "<group>";
		};
		BCF4899E25D4117300F3D452 /* Products */ = {
			isa = PBXGroup;
			children = (
				BCF4899D25D4117300F3D452 /* LEARN3.app */,
				BCF489AE25D4117400F3D452 /* LEARN3Tests.xctest */,
				BCF489B925D4117400F3D452 /* LEARN3UITests.xctest */,
			);
			name = Products;
			sourceTree = "<group>";
		};
		BCF4899F25D4117300F3D452 /* LEARN3 */ = {
			isa = PBXGroup;
			children = (
				BCF489A025D4117300F3D452 /* LEARN3App.swift */,
				BCF489A225D4117300F3D452 /* ContentView.swift */,
				BCF489A425D4117400F3D452 /* Assets.xcassets */,
				BCF489A925D4117400F3D452 /* Info.plist */,
				BCF489A625D4117400F3D452 /* Preview Content */,
			);
			path = LEARN3;
			sourceTree = "<group>";
		};
		BCF489A625D4117400F3D452 /* Preview Content */ = {
			isa = PBXGroup;
			children = (
				BCF489A725D4117400F3D452 /* Preview Assets.xcassets */,
			);
			path = "Preview Content";
			sourceTree = "<group>";
		};
		BCF489B125D4117400F3D452 /* LEARN3Tests */ = {
			isa = PBXGroup;
			children = (
				BCF489B225D4117400F3D452 /* LEARN3Tests.swift */,
				BCF489B425D4117400F3D452 /* Info.plist */,
			);
			path = LEARN3Tests;
			sourceTree = "<group>";
		};
		BCF489BC25D4117400F3D452 /* LEARN3UITests */ = {
			isa = PBXGroup;
			children = (
				BCF489BD25D4117400F3D452 /* LEARN3UITests.swift */,
				BCF489BF25D4117400F3D452 /* Info.plist */,
			);
			path = LEARN3UITests;
			sourceTree = "<group>";
		};
/* End PBXGroup section */

/* Begin PBXNativeTarget section */
		BCF4899C25D4117300F3D452 /* LEARN3 */ = {
			isa = PBXNativeTarget;
			buildConfigurationList = BCF489C225D4117400F3D452 /* Build configuration list for PBXNativeTarget "LEARN3" */;
			buildPhases = (
				BCF4899925D4117300F3D452 /* Sources */,
				BCF4899A25D4117300F3D452 /* Frameworks */,
				BCF4899B25D4117300F3D452 /* Resources */,
			);
			buildRules = (
			);
			dependencies = (
			);
			name = LEARN3;
			productName = LEARN3;
			productReference = BCF4899D25D4117300F3D452 /* LEARN3.app */;
			productType = "com.apple.product-type.application";
		};
		BCF489AD25D4117400F3D452 /* LEARN3Tests */ = {
			isa = PBXNativeTarget;
			buildConfigurationList = BCF489C525D4117400F3D452 /* Build configuration list for PBXNativeTarget "LEARN3Tests" */;
			buildPhases = (
				BCF489AA25D4117400F3D452 /* Sources */,
				BCF489AB25D4117400F3D452 /* Frameworks */,
				BCF489AC25D4117400F3D452 /* Resources */,
			);
			buildRules = (
			);
			dependencies = (
				BCF489B025D4117400F3D452 /* PBXTargetDependency */,
			);
			name = LEARN3Tests;
			productName = LEARN3Tests;
			productReference = BCF489AE25D4117400F3D452 /* LEARN3Tests.xctest */;
			productType = "com.apple.product-type.bundle.unit-test";
		};
		BCF489B825D4117400F3D452 /* LEARN3UITests */ = {
			isa = PBXNativeTarget;
			buildConfigurationList = BCF489C825D4117400F3D452 /* Build configuration list for PBXNativeTarget "LEARN3UITests" */;
			buildPhases = (
				BCF489B525D4117400F3D452 /* Sources */,
				BCF489B625D4117400F3D452 /* Frameworks */,
				BCF489B725D4117400F3D452 /* Resources */,
			);
			buildRules = (
			);
			dependencies = (
				BCF489BB25D4117400F3D452 /* PBXTargetDependency */,
			);
			name = LEARN3UITests;
			productName = LEARN3UITests;
			productReference = BCF489B925D4117400F3D452 /* LEARN3UITests.xctest */;
			productType = "com.apple.product-type.bundle.ui-testing";
		};
/* End PBXNativeTarget section */

/* Begin PBXProject section */
		BCF4899525D4117300F3D452 /* Project object */ = {
			isa = PBXProject;
			attributes = {
				LastSwiftUpdateCheck = 1240;
				LastUpgradeCheck = 1240;
				TargetAttributes = {
					BCF4899C25D4117300F3D452 = {
						CreatedOnToolsVersion = 12.4;
					};
					BCF489AD25D4117400F3D452 = {
						CreatedOnToolsVersion = 12.4;
						TestTargetID = BCF4899C25D4117300F3D452;
					};
					BCF489B825D4117400F3D452 = {
						CreatedOnToolsVersion = 12.4;
						TestTargetID = BCF4899C25D4117300F3D452;
					};
				};
			};
			buildConfigurationList = BCF4899825D4117300F3D452 /* Build configuration list for PBXProject "LEARN3" */;
			compatibilityVersion = "Xcode 9.3";
			developmentRegion = en;
			hasScannedForEncodings = 0;
			knownRegions = (
				en,
				Base,
			);
			mainGroup = BCF4899425D4117300F3D452;
			productRefGroup = BCF4899E25D4117300F3D452 /* Products */;
			projectDirPath = "";
			projectRoot = "";
			targets = (
				BCF4899C25D4117300F3D452 /* LEARN3 */,
				BCF489AD25D4117400F3D452 /* LEARN3Tests */,
				BCF489B825D4117400F3D452 /* LEARN3UITests */,
			);
		};
/* End PBXProject section */

/* Begin PBXResourcesBuildPhase section */
		BCF4899B25D4117300F3D452 /* Resources */ = {
			isa = PBXResourcesBuildPhase;
			buildActionMask = 2147483647;
			files = (
				BCF489A825D4117400F3D452 /* Preview Assets.xcassets in Resources */,
				BCF489A525D4117400F3D452 /* Assets.xcassets in Resources */,
			);
			runOnlyForDeploymentPostprocessing = 0;
		};
		BCF489AC25D4117400F3D452 /* Resources */ = {
			isa = PBXResourcesBuildPhase;
			buildActionMask = 2147483647;
			files = (
			);
			runOnlyForDeploymentPostprocessing = 0;
		};
		BCF489B725D4117400F3D452 /* Resources */ = {
			isa = PBXResourcesBuildPhase;
			buildActionMask = 2147483647;
			files = (
			);
			runOnlyForDeploymentPostprocessing = 0;
		};
/* End PBXResourcesBuildPhase section */

/* Begin PBXSourcesBuildPhase section */
		BCF4899925D4117300F3D452 /* Sources */ = {
			isa = PBXSourcesBuildPhase;
			buildActionMask = 2147483647;
			files = (
				BCF489A325D4117300F3D452 /* ContentView.swift in Sources */,
				BCF489A125D4117300F3D452 /* LEARN3App.swift in Sources */,
			);
			runOnlyForDeploymentPostprocessing = 0;
		};
		BCF489AA25D4117400F3D452 /* Sources */ = {
			isa = PBXSourcesBuildPhase;
			buildActionMask = 2147483647;
			files = (
				BCF489B325D4117400F3D452 /* LEARN3Tests.swift in Sources */,
			);
			runOnlyForDeploymentPostprocessing = 0;
		};
		BCF489B525D4117400F3D452 /* Sources */ = {
			isa = PBXSourcesBuildPhase;
			buildActionMask = 2147483647;
			files = (
				BCF489BE25D4117400F3D452 /* LEARN3UITests.swift in Sources */,
			);
			runOnlyForDeploymentPostprocessing = 0;
		};
/* End PBXSourcesBuildPhase section */

/* Begin PBXTargetDependency section */
		BCF489B025D4117400F3D452 /* PBXTargetDependency */ = {
			isa = PBXTargetDependency;
			target = BCF4899C25D4117300F3D452 /* LEARN3 */;
			targetProxy = BCF489AF25D4117400F3D452 /* PBXContainerItemProxy */;
		};
		BCF489BB25D4117400F3D452 /* PBXTargetDependency */ = {
			isa = PBXTargetDependency;
			target = BCF4899C25D4117300F3D452 /* LEARN3 */;
			targetProxy = BCF489BA25D4117400F3D452 /* PBXContainerItemProxy */;
		};
/* End PBXTargetDependency section */

/* Begin XCBuildConfiguration section */
		BCF489C025D4117400F3D452 /* Debug */ = {
			isa = XCBuildConfiguration;
			buildSettings = {
				ALWAYS_SEARCH_USER_PATHS = NO;
				CLANG_ANALYZER_NONNULL = YES;
				CLANG_ANALYZER_NUMBER_OBJECT_CONVERSION = YES_AGGRESSIVE;
				CLANG_CXX_LANGUAGE_STANDARD = "gnu++14";
				CLANG_CXX_LIBRARY = "libc++";
				CLANG_ENABLE_MODULES = YES;
				CLANG_ENABLE_OBJC_ARC = YES;
				CLANG_ENABLE_OBJC_WEAK = YES;
				CLANG_WARN_BLOCK_CAPTURE_AUTORELEASING = YES;
				CLANG_WARN_BOOL_CONVERSION = YES;
				CLANG_WARN_COMMA = YES;
				CLANG_WARN_CONSTANT_CONVERSION = YES;
				CLANG_WARN_DEPRECATED_OBJC_IMPLEMENTATIONS = YES;
				CLANG_WARN_DIRECT_OBJC_ISA_USAGE = YES_ERROR;
				CLANG_WARN_DOCUMENTATION_COMMENTS = YES;
				CLANG_WARN_EMPTY_BODY = YES;
				CLANG_WARN_ENUM_CONVERSION = YES;
				CLANG_WARN_INFINITE_RECURSION = YES;
				CLANG_WARN_INT_CONVERSION = YES;
				CLANG_WARN_NON_LITERAL_NULL_CONVERSION = YES;
				CLANG_WARN_OBJC_IMPLICIT_RETAIN_SELF = YES;
				CLANG_WARN_OBJC_LITERAL_CONVERSION = YES;
				CLANG_WARN_OBJC_ROOT_CLASS = YES_ERROR;
				CLANG_WARN_QUOTED_INCLUDE_IN_FRAMEWORK_HEADER = YES;
				CLANG_WARN_RANGE_LOOP_ANALYSIS = YES;
				CLANG_WARN_STRICT_PROTOTYPES = YES;
				CLANG_WARN_SUSPICIOUS_MOVE = YES;
				CLANG_WARN_UNGUARDED_AVAILABILITY = YES_AGGRESSIVE;
				CLANG_WARN_UNREACHABLE_CODE = YES;
				CLANG_WARN__DUPLICATE_METHOD_MATCH = YES;
				COPY_PHASE_STRIP = NO;
				DEBUG_INFORMATION_FORMAT = dwarf;
				ENABLE_STRICT_OBJC_MSGSEND = YES;
				ENABLE_TESTABILITY = YES;
				GCC_C_LANGUAGE_STANDARD = gnu11;
				GCC_DYNAMIC_NO_PIC = NO;
				GCC_NO_COMMON_BLOCKS = YES;
				GCC_OPTIMIZATION_LEVEL = 0;
				GCC_PREPROCESSOR_DEFINITIONS = (
					"DEBUG=1",
					"$(inherited)",
				);
				GCC_WARN_64_TO_32_BIT_CONVERSION = YES;
				GCC_WARN_ABOUT_RETURN_TYPE = YES_ERROR;
				GCC_WARN_UNDECLARED_SELECTOR = YES;
				GCC_WARN_UNINITIALIZED_AUTOS = YES_AGGRESSIVE;
				GCC_WARN_UNUSED_FUNCTION = YES;
				GCC_WARN_UNUSED_VARIABLE = YES;
				IPHONEOS_DEPLOYMENT_TARGET = 14.4;
				MTL_ENABLE_DEBUG_INFO = INCLUDE_SOURCE;
				MTL_FAST_MATH = YES;
				ONLY_ACTIVE_ARCH = YES;
				SDKROOT = iphoneos;
				SWIFT_ACTIVE_COMPILATION_CONDITIONS = DEBUG;
				SWIFT_OPTIMIZATION_LEVEL = "-Onone";
			};
			name = Debug;
		};
		BCF489C125D4117400F3D452 /* Release */ = {
			isa = XCBuildConfiguration;
			buildSettings = {
				ALWAYS_SEARCH_USER_PATHS = NO;
				CLANG_ANALYZER_NONNULL = YES;
				CLANG_ANALYZER_NUMBER_OBJECT_CONVERSION = YES_AGGRESSIVE;
				CLANG_CXX_LANGUAGE_STANDARD = "gnu++14";
				CLANG_CXX_LIBRARY = "libc++";
				CLANG_ENABLE_MODULES = YES;
				CLANG_ENABLE_OBJC_ARC = YES;
				CLANG_ENABLE_OBJC_WEAK = YES;
				CLANG_WARN_BLOCK_CAPTURE_AUTORELEASING = YES;
				CLANG_WARN_BOOL_CONVERSION = YES;
				CLANG_WARN_COMMA = YES;
				CLANG_WARN_CONSTANT_CONVERSION = YES;
				CLANG_WARN_DEPRECATED_OBJC_IMPLEMENTATIONS = YES;
				CLANG_WARN_DIRECT_OBJC_ISA_USAGE = YES_ERROR;
				CLANG_WARN_DOCUMENTATION_COMMENTS = YES;
				CLANG_WARN_EMPTY_BODY = YES;
				CLANG_WARN_ENUM_CONVERSION = YES;
				CLANG_WARN_INFINITE_RECURSION = YES;
				CLANG_WARN_INT_CONVERSION = YES;
				CLANG_WARN_NON_LITERAL_NULL_CONVERSION = YES;
				CLANG_WARN_OBJC_IMPLICIT_RETAIN_SELF = YES;
				CLANG_WARN_OBJC_LITERAL_CONVERSION = YES;
				CLANG_WARN_OBJC_ROOT_CLASS = YES_ERROR;
				CLANG_WARN_QUOTED_INCLUDE_IN_FRAMEWORK_HEADER = YES;
				CLANG_WARN_RANGE_LOOP_ANALYSIS = YES;
				CLANG_WARN_STRICT_PROTOTYPES = YES;
				CLANG_WARN_SUSPICIOUS_MOVE = YES;
				CLANG_WARN_UNGUARDED_AVAILABILITY = YES_AGGRESSIVE;
				CLANG_WARN_UNREACHABLE_CODE = YES;
				CLANG_WARN__DUPLICATE_METHOD_MATCH = YES;
				COPY_PHASE_STRIP = NO;
				DEBUG_INFORMATION_FORMAT = "dwarf-with-dsym";
				ENABLE_NS_ASSERTIONS = NO;
				ENABLE_STRICT_OBJC_MSGSEND = YES;
				GCC_C_LANGUAGE_STANDARD = gnu11;
				GCC_NO_COMMON_BLOCKS = YES;
				GCC_WARN_64_TO_32_BIT_CONVERSION = YES;
				GCC_WARN_ABOUT_RETURN_TYPE = YES_ERROR;
				GCC_WARN_UNDECLARED_SELECTOR = YES;
				GCC_WARN_UNINITIALIZED_AUTOS = YES_AGGRESSIVE;
				GCC_WARN_UNUSED_FUNCTION = YES;
				GCC_WARN_UNUSED_VARIABLE = YES;
				IPHONEOS_DEPLOYMENT_TARGET = 14.4;
				MTL_ENABLE_DEBUG_INFO = NO;
				MTL_FAST_MATH = YES;
				SDKROOT = iphoneos;
				SWIFT_COMPILATION_MODE = wholemodule;
				SWIFT_OPTIMIZATION_LEVEL = "-O";
				VALIDATE_PRODUCT = YES;
			};
			name = Release;
		};
		BCF489C325D4117400F3D452 /* Debug */ = {
			isa = XCBuildConfiguration;
			buildSettings = {
				ASSETCATALOG_COMPILER_APPICON_NAME = AppIcon;
				ASSETCATALOG_COMPILER_GLOBAL_ACCENT_COLOR_NAME = AccentColor;
				CODE_SIGN_STYLE = Automatic;
				DEVELOPMENT_ASSET_PATHS = "\"LEARN3/Preview Content\"";
				DEVELOPMENT_TEAM = K5KVXXRJ34;
				ENABLE_PREVIEWS = YES;
				INFOPLIST_FILE = LEARN3/Info.plist;
				IPHONEOS_DEPLOYMENT_TARGET = 14.0;
				LD_RUNPATH_SEARCH_PATHS = (
					"$(inherited)",
					"@executable_path/Frameworks",
				);
				PRODUCT_BUNDLE_IDENTIFIER = pleap.LEARN3;
				PRODUCT_NAME = "$(TARGET_NAME)";
				SWIFT_VERSION = 5.0;
				TARGETED_DEVICE_FAMILY = "1,2";
			};
			name = Debug;
		};
		BCF489C425D4117400F3D452 /* Release */ = {
			isa = XCBuildConfiguration;
			buildSettings = {
				ASSETCATALOG_COMPILER_APPICON_NAME = AppIcon;
				ASSETCATALOG_COMPILER_GLOBAL_ACCENT_COLOR_NAME = AccentColor;
				CODE_SIGN_STYLE = Automatic;
				DEVELOPMENT_ASSET_PATHS = "\"LEARN3/Preview Content\"";
				DEVELOPMENT_TEAM = K5KVXXRJ34;
				ENABLE_PREVIEWS = YES;
				INFOPLIST_FILE = LEARN3/Info.plist;
				IPHONEOS_DEPLOYMENT_TARGET = 14.0;
				LD_RUNPATH_SEARCH_PATHS = (
					"$(inherited)",
					"@executable_path/Frameworks",
				);
				PRODUCT_BUNDLE_IDENTIFIER = pleap.LEARN3;
				PRODUCT_NAME = "$(TARGET_NAME)";
				SWIFT_VERSION = 5.0;
				TARGETED_DEVICE_FAMILY = "1,2";
			};
			name = Release;
		};
		BCF489C625D4117400F3D452 /* Debug */ = {
			isa = XCBuildConfiguration;
			buildSettings = {
				ALWAYS_EMBED_SWIFT_STANDARD_LIBRARIES = YES;
				BUNDLE_LOADER = "$(TEST_HOST)";
				CODE_SIGN_STYLE = Automatic;
				DEVELOPMENT_TEAM = K5KVXXRJ34;
				INFOPLIST_FILE = LEARN3Tests/Info.plist;
				IPHONEOS_DEPLOYMENT_TARGET = 14.0;
				LD_RUNPATH_SEARCH_PATHS = (
					"$(inherited)",
					"@executable_path/Frameworks",
					"@loader_path/Frameworks",
				);
				PRODUCT_BUNDLE_IDENTIFIER = pleap.LEARN3Tests;
				PRODUCT_NAME = "$(TARGET_NAME)";
				SWIFT_VERSION = 5.0;
				TARGETED_DEVICE_FAMILY = "1,2";
				TEST_HOST = "$(BUILT_PRODUCTS_DIR)/LEARN3.app/LEARN3";
			};
			name = Debug;
		};
		BCF489C725D4117400F3D452 /* Release */ = {
			isa = XCBuildConfiguration;
			buildSettings = {
				ALWAYS_EMBED_SWIFT_STANDARD_LIBRARIES = YES;
				BUNDLE_LOADER = "$(TEST_HOST)";
				CODE_SIGN_STYLE = Automatic;
				DEVELOPMENT_TEAM = K5KVXXRJ34;
				INFOPLIST_FILE = LEARN3Tests/Info.plist;
				IPHONEOS_DEPLOYMENT_TARGET = 14.0;
				LD_RUNPATH_SEARCH_PATHS = (
					"$(inherited)",
					"@executable_path/Frameworks",
					"@loader_path/Frameworks",
				);
				PRODUCT_BUNDLE_IDENTIFIER = pleap.LEARN3Tests;
				PRODUCT_NAME = "$(TARGET_NAME)";
				SWIFT_VERSION = 5.0;
				TARGETED_DEVICE_FAMILY = "1,2";
				TEST_HOST = "$(BUILT_PRODUCTS_DIR)/LEARN3.app/LEARN3";
			};
			name = Release;
		};
		BCF489C925D4117400F3D452 /* Debug */ = {
			isa = XCBuildConfiguration;
			buildSettings = {
				ALWAYS_EMBED_SWIFT_STANDARD_LIBRARIES = YES;
				CODE_SIGN_STYLE = Automatic;
				DEVELOPMENT_TEAM = K5KVXXRJ34;
				INFOPLIST_FILE = LEARN3UITests/Info.plist;
				LD_RUNPATH_SEARCH_PATHS = (
					"$(inherited)",
					"@executable_path/Frameworks",
					"@loader_path/Frameworks",
				);
				PRODUCT_BUNDLE_IDENTIFIER = pleap.LEARN3UITests;
				PRODUCT_NAME = "$(TARGET_NAME)";
				SWIFT_VERSION = 5.0;
				TARGETED_DEVICE_FAMILY = "1,2";
				TEST_TARGET_NAME = LEARN3;
			};
			name = Debug;
		};
		BCF489CA25D4117400F3D452 /* Release */ = {
			isa = XCBuildConfiguration;
			buildSettings = {
				ALWAYS_EMBED_SWIFT_STANDARD_LIBRARIES = YES;
				CODE_SIGN_STYLE = Automatic;
				DEVELOPMENT_TEAM = K5KVXXRJ34;
				INFOPLIST_FILE = LEARN3UITests/Info.plist;
				LD_RUNPATH_SEARCH_PATHS = (
					"$(inherited)",
					"@executable_path/Frameworks",
					"@loader_path/Frameworks",
				);
				PRODUCT_BUNDLE_IDENTIFIER = pleap.LEARN3UITests;
				PRODUCT_NAME = "$(TARGET_NAME)";
				SWIFT_VERSION = 5.0;
				TARGETED_DEVICE_FAMILY = "1,2";
				TEST_TARGET_NAME = LEARN3;
			};
			name = Release;
		};
/* End XCBuildConfiguration section */

/* Begin XCConfigurationList section */
		BCF4899825D4117300F3D452 /* Build configuration list for PBXProject "LEARN3" */ = {
			isa = XCConfigurationList;
			buildConfigurations = (
				BCF489C025D4117400F3D452 /* Debug */,
				BCF489C125D4117400F3D452 /* Release */,
			);
			defaultConfigurationIsVisible = 0;
			defaultConfigurationName = Release;
		};
		BCF489C225D4117400F3D452 /* Build configuration list for PBXNativeTarget "LEARN3" */ = {
			isa = XCConfigurationList;
			buildConfigurations = (
				BCF489C325D4117400F3D452 /* Debug */,
				BCF489C425D4117400F3D452 /* Release */,
			);
			defaultConfigurationIsVisible = 0;
			defaultConfigurationName = Release;
		};
		BCF489C525D4117400F3D452 /* Build configuration list for PBXNativeTarget "LEARN3Tests" */ = {
			isa = XCConfigurationList;
			buildConfigurations = (
				BCF489C625D4117400F3D452 /* Debug */,
				BCF489C725D4117400F3D452 /* Release */,
			);
			defaultConfigurationIsVisible = 0;
			defaultConfigurationName = Release;
		};
		BCF489C825D4117400F3D452 /* Build configuration list for PBXNativeTarget "LEARN3UITests" */ = {
			isa = XCConfigurationList;
			buildConfigurations = (
				BCF489C925D4117400F3D452 /* Debug */,
				BCF489CA25D4117400F3D452 /* Release */,
			);
			defaultConfigurationIsVisible = 0;
			defaultConfigurationName = Release;
		};
/* End XCConfigurationList section */
	};
	rootObject = BCF4899525D4117300F3D452 /* Project object */;
}
