// !$*UTF8*$!
{
	archiveVersion = 1;
	classes = {
	};
	objectVersion = 50;
	objects = {

/* Begin PBXBuildFile section */
		BC9F053826043474005563ED /* LEARN16App.swift in Sources */ = {isa = PBXBuildFile; fileRef = BC9F053726043474005563ED /* LEARN16App.swift */; };
		BC9F053A26043474005563ED /* ContentView.swift in Sources */ = {isa = PBXBuildFile; fileRef = BC9F053926043474005563ED /* ContentView.swift */; };
		BC9F053C26043474005563ED /* Assets.xcassets in Resources */ = {isa = PBXBuildFile; fileRef = BC9F053B26043474005563ED /* Assets.xcassets */; };
		BC9F053F26043474005563ED /* Preview Assets.xcassets in Resources */ = {isa = PBXBuildFile; fileRef = BC9F053E26043474005563ED /* Preview Assets.xcassets */; };
		BC9F054A26043474005563ED /* LEARN16Tests.swift in Sources */ = {isa = PBXBuildFile; fileRef = BC9F054926043474005563ED /* LEARN16Tests.swift */; };
		BC9F055526043474005563ED /* LEARN16UITests.swift in Sources */ = {isa = PBXBuildFile; fileRef = BC9F055426043474005563ED /* LEARN16UITests.swift */; };
/* End PBXBuildFile section */

/* Begin PBXContainerItemProxy section */
		BC9F054626043474005563ED /* PBXContainerItemProxy */ = {
			isa = PBXContainerItemProxy;
			containerPortal = BC9F052C26043474005563ED /* Project object */;
			proxyType = 1;
			remoteGlobalIDString = BC9F053326043474005563ED;
			remoteInfo = LEARN16;
		};
		BC9F055126043474005563ED /* PBXContainerItemProxy */ = {
			isa = PBXContainerItemProxy;
			containerPortal = BC9F052C26043474005563ED /* Project object */;
			proxyType = 1;
			remoteGlobalIDString = BC9F053326043474005563ED;
			remoteInfo = LEARN16;
		};
/* End PBXContainerItemProxy section */

/* Begin PBXFileReference section */
		BC9F053426043474005563ED /* LEARN16.app */ = {isa = PBXFileReference; explicitFileType = wrapper.application; includeInIndex = 0; path = LEARN16.app; sourceTree = BUILT_PRODUCTS_DIR; };
		BC9F053726043474005563ED /* LEARN16App.swift */ = {isa = PBXFileReference; lastKnownFileType = sourcecode.swift; path = LEARN16App.swift; sourceTree = "<group>"; };
		BC9F053926043474005563ED /* ContentView.swift */ = {isa = PBXFileReference; lastKnownFileType = sourcecode.swift; path = ContentView.swift; sourceTree = "<group>"; };
		BC9F053B26043474005563ED /* Assets.xcassets */ = {isa = PBXFileReference; lastKnownFileType = folder.assetcatalog; path = Assets.xcassets; sourceTree = "<group>"; };
		BC9F053E26043474005563ED /* Preview Assets.xcassets */ = {isa = PBXFileReference; lastKnownFileType = folder.assetcatalog; path = "Preview Assets.xcassets"; sourceTree = "<group>"; };
		BC9F054026043474005563ED /* Info.plist */ = {isa = PBXFileReference; lastKnownFileType = text.plist.xml; path = Info.plist; sourceTree = "<group>"; };
		BC9F054526043474005563ED /* LEARN16Tests.xctest */ = {isa = PBXFileReference; explicitFileType = wrapper.cfbundle; includeInIndex = 0; path = LEARN16Tests.xctest; sourceTree = BUILT_PRODUCTS_DIR; };
		BC9F054926043474005563ED /* LEARN16Tests.swift */ = {isa = PBXFileReference; lastKnownFileType = sourcecode.swift; path = LEARN16Tests.swift; sourceTree = "<group>"; };
		BC9F054B26043474005563ED /* Info.plist */ = {isa = PBXFileReference; lastKnownFileType = text.plist.xml; path = Info.plist; sourceTree = "<group>"; };
		BC9F055026043474005563ED /* LEARN16UITests.xctest */ = {isa = PBXFileReference; explicitFileType = wrapper.cfbundle; includeInIndex = 0; path = LEARN16UITests.xctest; sourceTree = BUILT_PRODUCTS_DIR; };
		BC9F055426043474005563ED /* LEARN16UITests.swift */ = {isa = PBXFileReference; lastKnownFileType = sourcecode.swift; path = LEARN16UITests.swift; sourceTree = "<group>"; };
		BC9F055626043474005563ED /* Info.plist */ = {isa = PBXFileReference; lastKnownFileType = text.plist.xml; path = Info.plist; sourceTree = "<group>"; };
/* End PBXFileReference section */

/* Begin PBXFrameworksBuildPhase section */
		BC9F053126043474005563ED /* Frameworks */ = {
			isa = PBXFrameworksBuildPhase;
			buildActionMask = 2147483647;
			files = (
			);
			runOnlyForDeploymentPostprocessing = 0;
		};
		BC9F054226043474005563ED /* Frameworks */ = {
			isa = PBXFrameworksBuildPhase;
			buildActionMask = 2147483647;
			files = (
			);
			runOnlyForDeploymentPostprocessing = 0;
		};
		BC9F054D26043474005563ED /* Frameworks */ = {
			isa = PBXFrameworksBuildPhase;
			buildActionMask = 2147483647;
			files = (
			);
			runOnlyForDeploymentPostprocessing = 0;
		};
/* End PBXFrameworksBuildPhase section */

/* Begin PBXGroup section */
		BC9F052B26043474005563ED = {
			isa = PBXGroup;
			children = (
				BC9F053626043474005563ED /* LEARN16 */,
				BC9F054826043474005563ED /* LEARN16Tests */,
				BC9F055326043474005563ED /* LEARN16UITests */,
				BC9F053526043474005563ED /* Products */,
			);
			sourceTree = "<group>";
		};
		BC9F053526043474005563ED /* Products */ = {
			isa = PBXGroup;
			children = (
				BC9F053426043474005563ED /* LEARN16.app */,
				BC9F054526043474005563ED /* LEARN16Tests.xctest */,
				BC9F055026043474005563ED /* LEARN16UITests.xctest */,
			);
			name = Products;
			sourceTree = "<group>";
		};
		BC9F053626043474005563ED /* LEARN16 */ = {
			isa = PBXGroup;
			children = (
				BC9F053726043474005563ED /* LEARN16App.swift */,
				BC9F053926043474005563ED /* ContentView.swift */,
				BC9F053B26043474005563ED /* Assets.xcassets */,
				BC9F054026043474005563ED /* Info.plist */,
				BC9F053D26043474005563ED /* Preview Content */,
			);
			path = LEARN16;
			sourceTree = "<group>";
		};
		BC9F053D26043474005563ED /* Preview Content */ = {
			isa = PBXGroup;
			children = (
				BC9F053E26043474005563ED /* Preview Assets.xcassets */,
			);
			path = "Preview Content";
			sourceTree = "<group>";
		};
		BC9F054826043474005563ED /* LEARN16Tests */ = {
			isa = PBXGroup;
			children = (
				BC9F054926043474005563ED /* LEARN16Tests.swift */,
				BC9F054B26043474005563ED /* Info.plist */,
			);
			path = LEARN16Tests;
			sourceTree = "<group>";
		};
		BC9F055326043474005563ED /* LEARN16UITests */ = {
			isa = PBXGroup;
			children = (
				BC9F055426043474005563ED /* LEARN16UITests.swift */,
				BC9F055626043474005563ED /* Info.plist */,
			);
			path = LEARN16UITests;
			sourceTree = "<group>";
		};
/* End PBXGroup section */

/* Begin PBXNativeTarget section */
		BC9F053326043474005563ED /* LEARN16 */ = {
			isa = PBXNativeTarget;
			buildConfigurationList = BC9F055926043474005563ED /* Build configuration list for PBXNativeTarget "LEARN16" */;
			buildPhases = (
				BC9F053026043474005563ED /* Sources */,
				BC9F053126043474005563ED /* Frameworks */,
				BC9F053226043474005563ED /* Resources */,
			);
			buildRules = (
			);
			dependencies = (
			);
			name = LEARN16;
			productName = LEARN16;
			productReference = BC9F053426043474005563ED /* LEARN16.app */;
			productType = "com.apple.product-type.application";
		};
		BC9F054426043474005563ED /* LEARN16Tests */ = {
			isa = PBXNativeTarget;
			buildConfigurationList = BC9F055C26043474005563ED /* Build configuration list for PBXNativeTarget "LEARN16Tests" */;
			buildPhases = (
				BC9F054126043474005563ED /* Sources */,
				BC9F054226043474005563ED /* Frameworks */,
				BC9F054326043474005563ED /* Resources */,
			);
			buildRules = (
			);
			dependencies = (
				BC9F054726043474005563ED /* PBXTargetDependency */,
			);
			name = LEARN16Tests;
			productName = LEARN16Tests;
			productReference = BC9F054526043474005563ED /* LEARN16Tests.xctest */;
			productType = "com.apple.product-type.bundle.unit-test";
		};
		BC9F054F26043474005563ED /* LEARN16UITests */ = {
			isa = PBXNativeTarget;
			buildConfigurationList = BC9F055F26043474005563ED /* Build configuration list for PBXNativeTarget "LEARN16UITests" */;
			buildPhases = (
				BC9F054C26043474005563ED /* Sources */,
				BC9F054D26043474005563ED /* Frameworks */,
				BC9F054E26043474005563ED /* Resources */,
			);
			buildRules = (
			);
			dependencies = (
				BC9F055226043474005563ED /* PBXTargetDependency */,
			);
			name = LEARN16UITests;
			productName = LEARN16UITests;
			productReference = BC9F055026043474005563ED /* LEARN16UITests.xctest */;
			productType = "com.apple.product-type.bundle.ui-testing";
		};
/* End PBXNativeTarget section */

/* Begin PBXProject section */
		BC9F052C26043474005563ED /* Project object */ = {
			isa = PBXProject;
			attributes = {
				LastSwiftUpdateCheck = 1240;
				LastUpgradeCheck = 1240;
				TargetAttributes = {
					BC9F053326043474005563ED = {
						CreatedOnToolsVersion = 12.4;
					};
					BC9F054426043474005563ED = {
						CreatedOnToolsVersion = 12.4;
						TestTargetID = BC9F053326043474005563ED;
					};
					BC9F054F26043474005563ED = {
						CreatedOnToolsVersion = 12.4;
						TestTargetID = BC9F053326043474005563ED;
					};
				};
			};
			buildConfigurationList = BC9F052F26043474005563ED /* Build configuration list for PBXProject "LEARN16" */;
			compatibilityVersion = "Xcode 9.3";
			developmentRegion = en;
			hasScannedForEncodings = 0;
			knownRegions = (
				en,
				Base,
			);
			mainGroup = BC9F052B26043474005563ED;
			productRefGroup = BC9F053526043474005563ED /* Products */;
			projectDirPath = "";
			projectRoot = "";
			targets = (
				BC9F053326043474005563ED /* LEARN16 */,
				BC9F054426043474005563ED /* LEARN16Tests */,
				BC9F054F26043474005563ED /* LEARN16UITests */,
			);
		};
/* End PBXProject section */

/* Begin PBXResourcesBuildPhase section */
		BC9F053226043474005563ED /* Resources */ = {
			isa = PBXResourcesBuildPhase;
			buildActionMask = 2147483647;
			files = (
				BC9F053F26043474005563ED /* Preview Assets.xcassets in Resources */,
				BC9F053C26043474005563ED /* Assets.xcassets in Resources */,
			);
			runOnlyForDeploymentPostprocessing = 0;
		};
		BC9F054326043474005563ED /* Resources */ = {
			isa = PBXResourcesBuildPhase;
			buildActionMask = 2147483647;
			files = (
			);
			runOnlyForDeploymentPostprocessing = 0;
		};
		BC9F054E26043474005563ED /* Resources */ = {
			isa = PBXResourcesBuildPhase;
			buildActionMask = 2147483647;
			files = (
			);
			runOnlyForDeploymentPostprocessing = 0;
		};
/* End PBXResourcesBuildPhase section */

/* Begin PBXSourcesBuildPhase section */
		BC9F053026043474005563ED /* Sources */ = {
			isa = PBXSourcesBuildPhase;
			buildActionMask = 2147483647;
			files = (
				BC9F053A26043474005563ED /* ContentView.swift in Sources */,
				BC9F053826043474005563ED /* LEARN16App.swift in Sources */,
			);
			runOnlyForDeploymentPostprocessing = 0;
		};
		BC9F054126043474005563ED /* Sources */ = {
			isa = PBXSourcesBuildPhase;
			buildActionMask = 2147483647;
			files = (
				BC9F054A26043474005563ED /* LEARN16Tests.swift in Sources */,
			);
			runOnlyForDeploymentPostprocessing = 0;
		};
		BC9F054C26043474005563ED /* Sources */ = {
			isa = PBXSourcesBuildPhase;
			buildActionMask = 2147483647;
			files = (
				BC9F055526043474005563ED /* LEARN16UITests.swift in Sources */,
			);
			runOnlyForDeploymentPostprocessing = 0;
		};
/* End PBXSourcesBuildPhase section */

/* Begin PBXTargetDependency section */
		BC9F054726043474005563ED /* PBXTargetDependency */ = {
			isa = PBXTargetDependency;
			target = BC9F053326043474005563ED /* LEARN16 */;
			targetProxy = BC9F054626043474005563ED /* PBXContainerItemProxy */;
		};
		BC9F055226043474005563ED /* PBXTargetDependency */ = {
			isa = PBXTargetDependency;
			target = BC9F053326043474005563ED /* LEARN16 */;
			targetProxy = BC9F055126043474005563ED /* PBXContainerItemProxy */;
		};
/* End PBXTargetDependency section */

/* Begin XCBuildConfiguration section */
		BC9F055726043474005563ED /* Debug */ = {
			isa = XCBuildConfiguration;
			buildSettings = {
				ALWAYS_SEARCH_USER_PATHS = NO;
				CLANG_ANALYZER_NONNULL = YES;
				CLANG_ANALYZER_NUMBER_OBJECT_CONVERSION = YES_AGGRESSIVE;
				CLANG_CXX_LANGUAGE_STANDARD = "gnu++14";
				CLANG_CXX_LIBRARY = "libc++";
				CLANG_ENABLE_MODULES = YES;
				CLANG_ENABLE_OBJC_ARC = YES;
				CLANG_ENABLE_OBJC_WEAK = YES;
				CLANG_WARN_BLOCK_CAPTURE_AUTORELEASING = YES;
				CLANG_WARN_BOOL_CONVERSION = YES;
				CLANG_WARN_COMMA = YES;
				CLANG_WARN_CONSTANT_CONVERSION = YES;
				CLANG_WARN_DEPRECATED_OBJC_IMPLEMENTATIONS = YES;
				CLANG_WARN_DIRECT_OBJC_ISA_USAGE = YES_ERROR;
				CLANG_WARN_DOCUMENTATION_COMMENTS = YES;
				CLANG_WARN_EMPTY_BODY = YES;
				CLANG_WARN_ENUM_CONVERSION = YES;
				CLANG_WARN_INFINITE_RECURSION = YES;
				CLANG_WARN_INT_CONVERSION = YES;
				CLANG_WARN_NON_LITERAL_NULL_CONVERSION = YES;
				CLANG_WARN_OBJC_IMPLICIT_RETAIN_SELF = YES;
				CLANG_WARN_OBJC_LITERAL_CONVERSION = YES;
				CLANG_WARN_OBJC_ROOT_CLASS = YES_ERROR;
				CLANG_WARN_QUOTED_INCLUDE_IN_FRAMEWORK_HEADER = YES;
				CLANG_WARN_RANGE_LOOP_ANALYSIS = YES;
				CLANG_WARN_STRICT_PROTOTYPES = YES;
				CLANG_WARN_SUSPICIOUS_MOVE = YES;
				CLANG_WARN_UNGUARDED_AVAILABILITY = YES_AGGRESSIVE;
				CLANG_WARN_UNREACHABLE_CODE = YES;
				CLANG_WARN__DUPLICATE_METHOD_MATCH = YES;
				COPY_PHASE_STRIP = NO;
				DEBUG_INFORMATION_FORMAT = dwarf;
				ENABLE_STRICT_OBJC_MSGSEND = YES;
				ENABLE_TESTABILITY = YES;
				GCC_C_LANGUAGE_STANDARD = gnu11;
				GCC_DYNAMIC_NO_PIC = NO;
				GCC_NO_COMMON_BLOCKS = YES;
				GCC_OPTIMIZATION_LEVEL = 0;
				GCC_PREPROCESSOR_DEFINITIONS = (
					"DEBUG=1",
					"$(inherited)",
				);
				GCC_WARN_64_TO_32_BIT_CONVERSION = YES;
				GCC_WARN_ABOUT_RETURN_TYPE = YES_ERROR;
				GCC_WARN_UNDECLARED_SELECTOR = YES;
				GCC_WARN_UNINITIALIZED_AUTOS = YES_AGGRESSIVE;
				GCC_WARN_UNUSED_FUNCTION = YES;
				GCC_WARN_UNUSED_VARIABLE = YES;
				IPHONEOS_DEPLOYMENT_TARGET = 14.4;
				MTL_ENABLE_DEBUG_INFO = INCLUDE_SOURCE;
				MTL_FAST_MATH = YES;
				ONLY_ACTIVE_ARCH = YES;
				SDKROOT = iphoneos;
				SWIFT_ACTIVE_COMPILATION_CONDITIONS = DEBUG;
				SWIFT_OPTIMIZATION_LEVEL = "-Onone";
			};
			name = Debug;
		};
		BC9F055826043474005563ED /* Release */ = {
			isa = XCBuildConfiguration;
			buildSettings = {
				ALWAYS_SEARCH_USER_PATHS = NO;
				CLANG_ANALYZER_NONNULL = YES;
				CLANG_ANALYZER_NUMBER_OBJECT_CONVERSION = YES_AGGRESSIVE;
				CLANG_CXX_LANGUAGE_STANDARD = "gnu++14";
				CLANG_CXX_LIBRARY = "libc++";
				CLANG_ENABLE_MODULES = YES;
				CLANG_ENABLE_OBJC_ARC = YES;
				CLANG_ENABLE_OBJC_WEAK = YES;
				CLANG_WARN_BLOCK_CAPTURE_AUTORELEASING = YES;
				CLANG_WARN_BOOL_CONVERSION = YES;
				CLANG_WARN_COMMA = YES;
				CLANG_WARN_CONSTANT_CONVERSION = YES;
				CLANG_WARN_DEPRECATED_OBJC_IMPLEMENTATIONS = YES;
				CLANG_WARN_DIRECT_OBJC_ISA_USAGE = YES_ERROR;
				CLANG_WARN_DOCUMENTATION_COMMENTS = YES;
				CLANG_WARN_EMPTY_BODY = YES;
				CLANG_WARN_ENUM_CONVERSION = YES;
				CLANG_WARN_INFINITE_RECURSION = YES;
				CLANG_WARN_INT_CONVERSION = YES;
				CLANG_WARN_NON_LITERAL_NULL_CONVERSION = YES;
				CLANG_WARN_OBJC_IMPLICIT_RETAIN_SELF = YES;
				CLANG_WARN_OBJC_LITERAL_CONVERSION = YES;
				CLANG_WARN_OBJC_ROOT_CLASS = YES_ERROR;
				CLANG_WARN_QUOTED_INCLUDE_IN_FRAMEWORK_HEADER = YES;
				CLANG_WARN_RANGE_LOOP_ANALYSIS = YES;
				CLANG_WARN_STRICT_PROTOTYPES = YES;
				CLANG_WARN_SUSPICIOUS_MOVE = YES;
				CLANG_WARN_UNGUARDED_AVAILABILITY = YES_AGGRESSIVE;
				CLANG_WARN_UNREACHABLE_CODE = YES;
				CLANG_WARN__DUPLICATE_METHOD_MATCH = YES;
				COPY_PHASE_STRIP = NO;
				DEBUG_INFORMATION_FORMAT = "dwarf-with-dsym";
				ENABLE_NS_ASSERTIONS = NO;
				ENABLE_STRICT_OBJC_MSGSEND = YES;
				GCC_C_LANGUAGE_STANDARD = gnu11;
				GCC_NO_COMMON_BLOCKS = YES;
				GCC_WARN_64_TO_32_BIT_CONVERSION = YES;
				GCC_WARN_ABOUT_RETURN_TYPE = YES_ERROR;
				GCC_WARN_UNDECLARED_SELECTOR = YES;
				GCC_WARN_UNINITIALIZED_AUTOS = YES_AGGRESSIVE;
				GCC_WARN_UNUSED_FUNCTION = YES;
				GCC_WARN_UNUSED_VARIABLE = YES;
				IPHONEOS_DEPLOYMENT_TARGET = 14.4;
				MTL_ENABLE_DEBUG_INFO = NO;
				MTL_FAST_MATH = YES;
				SDKROOT = iphoneos;
				SWIFT_COMPILATION_MODE = wholemodule;
				SWIFT_OPTIMIZATION_LEVEL = "-O";
				VALIDATE_PRODUCT = YES;
			};
			name = Release;
		};
		BC9F055A26043474005563ED /* Debug */ = {
			isa = XCBuildConfiguration;
			buildSettings = {
				ASSETCATALOG_COMPILER_APPICON_NAME = AppIcon;
				ASSETCATALOG_COMPILER_GLOBAL_ACCENT_COLOR_NAME = AccentColor;
				CODE_SIGN_STYLE = Automatic;
				DEVELOPMENT_ASSET_PATHS = "\"LEARN16/Preview Content\"";
				DEVELOPMENT_TEAM = K5KVXXRJ34;
				ENABLE_PREVIEWS = YES;
				INFOPLIST_FILE = LEARN16/Info.plist;
				IPHONEOS_DEPLOYMENT_TARGET = 14.0;
				LD_RUNPATH_SEARCH_PATHS = (
					"$(inherited)",
					"@executable_path/Frameworks",
				);
				PRODUCT_BUNDLE_IDENTIFIER = pleap.LEARN16;
				PRODUCT_NAME = "$(TARGET_NAME)";
				SWIFT_VERSION = 5.0;
				TARGETED_DEVICE_FAMILY = "1,2";
			};
			name = Debug;
		};
		BC9F055B26043474005563ED /* Release */ = {
			isa = XCBuildConfiguration;
			buildSettings = {
				ASSETCATALOG_COMPILER_APPICON_NAME = AppIcon;
				ASSETCATALOG_COMPILER_GLOBAL_ACCENT_COLOR_NAME = AccentColor;
				CODE_SIGN_STYLE = Automatic;
				DEVELOPMENT_ASSET_PATHS = "\"LEARN16/Preview Content\"";
				DEVELOPMENT_TEAM = K5KVXXRJ34;
				ENABLE_PREVIEWS = YES;
				INFOPLIST_FILE = LEARN16/Info.plist;
				IPHONEOS_DEPLOYMENT_TARGET = 14.0;
				LD_RUNPATH_SEARCH_PATHS = (
					"$(inherited)",
					"@executable_path/Frameworks",
				);
				PRODUCT_BUNDLE_IDENTIFIER = pleap.LEARN16;
				PRODUCT_NAME = "$(TARGET_NAME)";
				SWIFT_VERSION = 5.0;
				TARGETED_DEVICE_FAMILY = "1,2";
			};
			name = Release;
		};
		BC9F055D26043474005563ED /* Debug */ = {
			isa = XCBuildConfiguration;
			buildSettings = {
				ALWAYS_EMBED_SWIFT_STANDARD_LIBRARIES = YES;
				BUNDLE_LOADER = "$(TEST_HOST)";
				CODE_SIGN_STYLE = Automatic;
				DEVELOPMENT_TEAM = K5KVXXRJ34;
				INFOPLIST_FILE = LEARN16Tests/Info.plist;
				IPHONEOS_DEPLOYMENT_TARGET = 14.0;
				LD_RUNPATH_SEARCH_PATHS = (
					"$(inherited)",
					"@executable_path/Frameworks",
					"@loader_path/Frameworks",
				);
				PRODUCT_BUNDLE_IDENTIFIER = pleap.LEARN16Tests;
				PRODUCT_NAME = "$(TARGET_NAME)";
				SWIFT_VERSION = 5.0;
				TARGETED_DEVICE_FAMILY = "1,2";
				TEST_HOST = "$(BUILT_PRODUCTS_DIR)/LEARN16.app/LEARN16";
			};
			name = Debug;
		};
		BC9F055E26043474005563ED /* Release */ = {
			isa = XCBuildConfiguration;
			buildSettings = {
				ALWAYS_EMBED_SWIFT_STANDARD_LIBRARIES = YES;
				BUNDLE_LOADER = "$(TEST_HOST)";
				CODE_SIGN_STYLE = Automatic;
				DEVELOPMENT_TEAM = K5KVXXRJ34;
				INFOPLIST_FILE = LEARN16Tests/Info.plist;
				IPHONEOS_DEPLOYMENT_TARGET = 14.0;
				LD_RUNPATH_SEARCH_PATHS = (
					"$(inherited)",
					"@executable_path/Frameworks",
					"@loader_path/Frameworks",
				);
				PRODUCT_BUNDLE_IDENTIFIER = pleap.LEARN16Tests;
				PRODUCT_NAME = "$(TARGET_NAME)";
				SWIFT_VERSION = 5.0;
				TARGETED_DEVICE_FAMILY = "1,2";
				TEST_HOST = "$(BUILT_PRODUCTS_DIR)/LEARN16.app/LEARN16";
			};
			name = Release;
		};
		BC9F056026043474005563ED /* Debug */ = {
			isa = XCBuildConfiguration;
			buildSettings = {
				ALWAYS_EMBED_SWIFT_STANDARD_LIBRARIES = YES;
				CODE_SIGN_STYLE = Automatic;
				DEVELOPMENT_TEAM = K5KVXXRJ34;
				INFOPLIST_FILE = LEARN16UITests/Info.plist;
				LD_RUNPATH_SEARCH_PATHS = (
					"$(inherited)",
					"@executable_path/Frameworks",
					"@loader_path/Frameworks",
				);
				PRODUCT_BUNDLE_IDENTIFIER = pleap.LEARN16UITests;
				PRODUCT_NAME = "$(TARGET_NAME)";
				SWIFT_VERSION = 5.0;
				TARGETED_DEVICE_FAMILY = "1,2";
				TEST_TARGET_NAME = LEARN16;
			};
			name = Debug;
		};
		BC9F056126043474005563ED /* Release */ = {
			isa = XCBuildConfiguration;
			buildSettings = {
				ALWAYS_EMBED_SWIFT_STANDARD_LIBRARIES = YES;
				CODE_SIGN_STYLE = Automatic;
				DEVELOPMENT_TEAM = K5KVXXRJ34;
				INFOPLIST_FILE = LEARN16UITests/Info.plist;
				LD_RUNPATH_SEARCH_PATHS = (
					"$(inherited)",
					"@executable_path/Frameworks",
					"@loader_path/Frameworks",
				);
				PRODUCT_BUNDLE_IDENTIFIER = pleap.LEARN16UITests;
				PRODUCT_NAME = "$(TARGET_NAME)";
				SWIFT_VERSION = 5.0;
				TARGETED_DEVICE_FAMILY = "1,2";
				TEST_TARGET_NAME = LEARN16;
			};
			name = Release;
		};
/* End XCBuildConfiguration section */

/* Begin XCConfigurationList section */
		BC9F052F26043474005563ED /* Build configuration list for PBXProject "LEARN16" */ = {
			isa = XCConfigurationList;
			buildConfigurations = (
				BC9F055726043474005563ED /* Debug */,
				BC9F055826043474005563ED /* Release */,
			);
			defaultConfigurationIsVisible = 0;
			defaultConfigurationName = Release;
		};
		BC9F055926043474005563ED /* Build configuration list for PBXNativeTarget "LEARN16" */ = {
			isa = XCConfigurationList;
			buildConfigurations = (
				BC9F055A26043474005563ED /* Debug */,
				BC9F055B26043474005563ED /* Release */,
			);
			defaultConfigurationIsVisible = 0;
			defaultConfigurationName = Release;
		};
		BC9F055C26043474005563ED /* Build configuration list for PBXNativeTarget "LEARN16Tests" */ = {
			isa = XCConfigurationList;
			buildConfigurations = (
				BC9F055D26043474005563ED /* Debug */,
				BC9F055E26043474005563ED /* Release */,
			);
			defaultConfigurationIsVisible = 0;
			defaultConfigurationName = Release;
		};
		BC9F055F26043474005563ED /* Build configuration list for PBXNativeTarget "LEARN16UITests" */ = {
			isa = XCConfigurationList;
			buildConfigurations = (
				BC9F056026043474005563ED /* Debug */,
				BC9F056126043474005563ED /* Release */,
			);
			defaultConfigurationIsVisible = 0;
			defaultConfigurationName = Release;
		};
/* End XCConfigurationList section */
	};
	rootObject = BC9F052C26043474005563ED /* Project object */;
}
