// !$*UTF8*$!
{
	archiveVersion = 1;
	classes = {
	};
	objectVersion = 50;
	objects = {

/* Begin PBXBuildFile section */
		BC799E3A25EF1A5D00262044 /* LEARN8App.swift in Sources */ = {isa = PBXBuildFile; fileRef = BC799E3925EF1A5D00262044 /* LEARN8App.swift */; };
		BC799E3C25EF1A5D00262044 /* ContentView.swift in Sources */ = {isa = PBXBuildFile; fileRef = BC799E3B25EF1A5D00262044 /* ContentView.swift */; };
		BC799E3E25EF1A5E00262044 /* Assets.xcassets in Resources */ = {isa = PBXBuildFile; fileRef = BC799E3D25EF1A5E00262044 /* Assets.xcassets */; };
		BC799E4125EF1A5E00262044 /* Preview Assets.xcassets in Resources */ = {isa = PBXBuildFile; fileRef = BC799E4025EF1A5E00262044 /* Preview Assets.xcassets */; };
		BC799E4C25EF1A5E00262044 /* LEARN8Tests.swift in Sources */ = {isa = PBXBuildFile; fileRef = BC799E4B25EF1A5E00262044 /* LEARN8Tests.swift */; };
		BC799E5725EF1A5E00262044 /* LEARN8UITests.swift in Sources */ = {isa = PBXBuildFile; fileRef = BC799E5625EF1A5E00262044 /* LEARN8UITests.swift */; };
/* End PBXBuildFile section */

/* Begin PBXContainerItemProxy section */
		BC799E4825EF1A5E00262044 /* PBXContainerItemProxy */ = {
			isa = PBXContainerItemProxy;
			containerPortal = BC799E2E25EF1A5D00262044 /* Project object */;
			proxyType = 1;
			remoteGlobalIDString = BC799E3525EF1A5D00262044;
			remoteInfo = LEARN8;
		};
		BC799E5325EF1A5E00262044 /* PBXContainerItemProxy */ = {
			isa = PBXContainerItemProxy;
			containerPortal = BC799E2E25EF1A5D00262044 /* Project object */;
			proxyType = 1;
			remoteGlobalIDString = BC799E3525EF1A5D00262044;
			remoteInfo = LEARN8;
		};
/* End PBXContainerItemProxy section */

/* Begin PBXFileReference section */
		BC799E3625EF1A5D00262044 /* LEARN8.app */ = {isa = PBXFileReference; explicitFileType = wrapper.application; includeInIndex = 0; path = LEARN8.app; sourceTree = BUILT_PRODUCTS_DIR; };
		BC799E3925EF1A5D00262044 /* LEARN8App.swift */ = {isa = PBXFileReference; lastKnownFileType = sourcecode.swift; path = LEARN8App.swift; sourceTree = "<group>"; };
		BC799E3B25EF1A5D00262044 /* ContentView.swift */ = {isa = PBXFileReference; lastKnownFileType = sourcecode.swift; path = ContentView.swift; sourceTree = "<group>"; };
		BC799E3D25EF1A5E00262044 /* Assets.xcassets */ = {isa = PBXFileReference; lastKnownFileType = folder.assetcatalog; path = Assets.xcassets; sourceTree = "<group>"; };
		BC799E4025EF1A5E00262044 /* Preview Assets.xcassets */ = {isa = PBXFileReference; lastKnownFileType = folder.assetcatalog; path = "Preview Assets.xcassets"; sourceTree = "<group>"; };
		BC799E4225EF1A5E00262044 /* Info.plist */ = {isa = PBXFileReference; lastKnownFileType = text.plist.xml; path = Info.plist; sourceTree = "<group>"; };
		BC799E4725EF1A5E00262044 /* LEARN8Tests.xctest */ = {isa = PBXFileReference; explicitFileType = wrapper.cfbundle; includeInIndex = 0; path = LEARN8Tests.xctest; sourceTree = BUILT_PRODUCTS_DIR; };
		BC799E4B25EF1A5E00262044 /* LEARN8Tests.swift */ = {isa = PBXFileReference; lastKnownFileType = sourcecode.swift; path = LEARN8Tests.swift; sourceTree = "<group>"; };
		BC799E4D25EF1A5E00262044 /* Info.plist */ = {isa = PBXFileReference; lastKnownFileType = text.plist.xml; path = Info.plist; sourceTree = "<group>"; };
		BC799E5225EF1A5E00262044 /* LEARN8UITests.xctest */ = {isa = PBXFileReference; explicitFileType = wrapper.cfbundle; includeInIndex = 0; path = LEARN8UITests.xctest; sourceTree = BUILT_PRODUCTS_DIR; };
		BC799E5625EF1A5E00262044 /* LEARN8UITests.swift */ = {isa = PBXFileReference; lastKnownFileType = sourcecode.swift; path = LEARN8UITests.swift; sourceTree = "<group>"; };
		BC799E5825EF1A5E00262044 /* Info.plist */ = {isa = PBXFileReference; lastKnownFileType = text.plist.xml; path = Info.plist; sourceTree = "<group>"; };
/* End PBXFileReference section */

/* Begin PBXFrameworksBuildPhase section */
		BC799E3325EF1A5D00262044 /* Frameworks */ = {
			isa = PBXFrameworksBuildPhase;
			buildActionMask = 2147483647;
			files = (
			);
			runOnlyForDeploymentPostprocessing = 0;
		};
		BC799E4425EF1A5E00262044 /* Frameworks */ = {
			isa = PBXFrameworksBuildPhase;
			buildActionMask = 2147483647;
			files = (
			);
			runOnlyForDeploymentPostprocessing = 0;
		};
		BC799E4F25EF1A5E00262044 /* Frameworks */ = {
			isa = PBXFrameworksBuildPhase;
			buildActionMask = 2147483647;
			files = (
			);
			runOnlyForDeploymentPostprocessing = 0;
		};
/* End PBXFrameworksBuildPhase section */

/* Begin PBXGroup section */
		BC799E2D25EF1A5D00262044 = {
			isa = PBXGroup;
			children = (
				BC799E3825EF1A5D00262044 /* LEARN8 */,
				BC799E4A25EF1A5E00262044 /* LEARN8Tests */,
				BC799E5525EF1A5E00262044 /* LEARN8UITests */,
				BC799E3725EF1A5D00262044 /* Products */,
			);
			sourceTree = "<group>";
		};
		BC799E3725EF1A5D00262044 /* Products */ = {
			isa = PBXGroup;
			children = (
				BC799E3625EF1A5D00262044 /* LEARN8.app */,
				BC799E4725EF1A5E00262044 /* LEARN8Tests.xctest */,
				BC799E5225EF1A5E00262044 /* LEARN8UITests.xctest */,
			);
			name = Products;
			sourceTree = "<group>";
		};
		BC799E3825EF1A5D00262044 /* LEARN8 */ = {
			isa = PBXGroup;
			children = (
				BC799E3925EF1A5D00262044 /* LEARN8App.swift */,
				BC799E3B25EF1A5D00262044 /* ContentView.swift */,
				BC799E3D25EF1A5E00262044 /* Assets.xcassets */,
				BC799E4225EF1A5E00262044 /* Info.plist */,
				BC799E3F25EF1A5E00262044 /* Preview Content */,
			);
			path = LEARN8;
			sourceTree = "<group>";
		};
		BC799E3F25EF1A5E00262044 /* Preview Content */ = {
			isa = PBXGroup;
			children = (
				BC799E4025EF1A5E00262044 /* Preview Assets.xcassets */,
			);
			path = "Preview Content";
			sourceTree = "<group>";
		};
		BC799E4A25EF1A5E00262044 /* LEARN8Tests */ = {
			isa = PBXGroup;
			children = (
				BC799E4B25EF1A5E00262044 /* LEARN8Tests.swift */,
				BC799E4D25EF1A5E00262044 /* Info.plist */,
			);
			path = LEARN8Tests;
			sourceTree = "<group>";
		};
		BC799E5525EF1A5E00262044 /* LEARN8UITests */ = {
			isa = PBXGroup;
			children = (
				BC799E5625EF1A5E00262044 /* LEARN8UITests.swift */,
				BC799E5825EF1A5E00262044 /* Info.plist */,
			);
			path = LEARN8UITests;
			sourceTree = "<group>";
		};
/* End PBXGroup section */

/* Begin PBXNativeTarget section */
		BC799E3525EF1A5D00262044 /* LEARN8 */ = {
			isa = PBXNativeTarget;
			buildConfigurationList = BC799E5B25EF1A5E00262044 /* Build configuration list for PBXNativeTarget "LEARN8" */;
			buildPhases = (
				BC799E3225EF1A5D00262044 /* Sources */,
				BC799E3325EF1A5D00262044 /* Frameworks */,
				BC799E3425EF1A5D00262044 /* Resources */,
			);
			buildRules = (
			);
			dependencies = (
			);
			name = LEARN8;
			productName = LEARN8;
			productReference = BC799E3625EF1A5D00262044 /* LEARN8.app */;
			productType = "com.apple.product-type.application";
		};
		BC799E4625EF1A5E00262044 /* LEARN8Tests */ = {
			isa = PBXNativeTarget;
			buildConfigurationList = BC799E5E25EF1A5E00262044 /* Build configuration list for PBXNativeTarget "LEARN8Tests" */;
			buildPhases = (
				BC799E4325EF1A5E00262044 /* Sources */,
				BC799E4425EF1A5E00262044 /* Frameworks */,
				BC799E4525EF1A5E00262044 /* Resources */,
			);
			buildRules = (
			);
			dependencies = (
				BC799E4925EF1A5E00262044 /* PBXTargetDependency */,
			);
			name = LEARN8Tests;
			productName = LEARN8Tests;
			productReference = BC799E4725EF1A5E00262044 /* LEARN8Tests.xctest */;
			productType = "com.apple.product-type.bundle.unit-test";
		};
		BC799E5125EF1A5E00262044 /* LEARN8UITests */ = {
			isa = PBXNativeTarget;
			buildConfigurationList = BC799E6125EF1A5E00262044 /* Build configuration list for PBXNativeTarget "LEARN8UITests" */;
			buildPhases = (
				BC799E4E25EF1A5E00262044 /* Sources */,
				BC799E4F25EF1A5E00262044 /* Frameworks */,
				BC799E5025EF1A5E00262044 /* Resources */,
			);
			buildRules = (
			);
			dependencies = (
				BC799E5425EF1A5E00262044 /* PBXTargetDependency */,
			);
			name = LEARN8UITests;
			productName = LEARN8UITests;
			productReference = BC799E5225EF1A5E00262044 /* LEARN8UITests.xctest */;
			productType = "com.apple.product-type.bundle.ui-testing";
		};
/* End PBXNativeTarget section */

/* Begin PBXProject section */
		BC799E2E25EF1A5D00262044 /* Project object */ = {
			isa = PBXProject;
			attributes = {
				LastSwiftUpdateCheck = 1240;
				LastUpgradeCheck = 1240;
				TargetAttributes = {
					BC799E3525EF1A5D00262044 = {
						CreatedOnToolsVersion = 12.4;
					};
					BC799E4625EF1A5E00262044 = {
						CreatedOnToolsVersion = 12.4;
						TestTargetID = BC799E3525EF1A5D00262044;
					};
					BC799E5125EF1A5E00262044 = {
						CreatedOnToolsVersion = 12.4;
						TestTargetID = BC799E3525EF1A5D00262044;
					};
				};
			};
			buildConfigurationList = BC799E3125EF1A5D00262044 /* Build configuration list for PBXProject "LEARN8" */;
			compatibilityVersion = "Xcode 9.3";
			developmentRegion = en;
			hasScannedForEncodings = 0;
			knownRegions = (
				en,
				Base,
			);
			mainGroup = BC799E2D25EF1A5D00262044;
			productRefGroup = BC799E3725EF1A5D00262044 /* Products */;
			projectDirPath = "";
			projectRoot = "";
			targets = (
				BC799E3525EF1A5D00262044 /* LEARN8 */,
				BC799E4625EF1A5E00262044 /* LEARN8Tests */,
				BC799E5125EF1A5E00262044 /* LEARN8UITests */,
			);
		};
/* End PBXProject section */

/* Begin PBXResourcesBuildPhase section */
		BC799E3425EF1A5D00262044 /* Resources */ = {
			isa = PBXResourcesBuildPhase;
			buildActionMask = 2147483647;
			files = (
				BC799E4125EF1A5E00262044 /* Preview Assets.xcassets in Resources */,
				BC799E3E25EF1A5E00262044 /* Assets.xcassets in Resources */,
			);
			runOnlyForDeploymentPostprocessing = 0;
		};
		BC799E4525EF1A5E00262044 /* Resources */ = {
			isa = PBXResourcesBuildPhase;
			buildActionMask = 2147483647;
			files = (
			);
			runOnlyForDeploymentPostprocessing = 0;
		};
		BC799E5025EF1A5E00262044 /* Resources */ = {
			isa = PBXResourcesBuildPhase;
			buildActionMask = 2147483647;
			files = (
			);
			runOnlyForDeploymentPostprocessing = 0;
		};
/* End PBXResourcesBuildPhase section */

/* Begin PBXSourcesBuildPhase section */
		BC799E3225EF1A5D00262044 /* Sources */ = {
			isa = PBXSourcesBuildPhase;
			buildActionMask = 2147483647;
			files = (
				BC799E3C25EF1A5D00262044 /* ContentView.swift in Sources */,
				BC799E3A25EF1A5D00262044 /* LEARN8App.swift in Sources */,
			);
			runOnlyForDeploymentPostprocessing = 0;
		};
		BC799E4325EF1A5E00262044 /* Sources */ = {
			isa = PBXSourcesBuildPhase;
			buildActionMask = 2147483647;
			files = (
				BC799E4C25EF1A5E00262044 /* LEARN8Tests.swift in Sources */,
			);
			runOnlyForDeploymentPostprocessing = 0;
		};
		BC799E4E25EF1A5E00262044 /* Sources */ = {
			isa = PBXSourcesBuildPhase;
			buildActionMask = 2147483647;
			files = (
				BC799E5725EF1A5E00262044 /* LEARN8UITests.swift in Sources */,
			);
			runOnlyForDeploymentPostprocessing = 0;
		};
/* End PBXSourcesBuildPhase section */

/* Begin PBXTargetDependency section */
		BC799E4925EF1A5E00262044 /* PBXTargetDependency */ = {
			isa = PBXTargetDependency;
			target = BC799E3525EF1A5D00262044 /* LEARN8 */;
			targetProxy = BC799E4825EF1A5E00262044 /* PBXContainerItemProxy */;
		};
		BC799E5425EF1A5E00262044 /* PBXTargetDependency */ = {
			isa = PBXTargetDependency;
			target = BC799E3525EF1A5D00262044 /* LEARN8 */;
			targetProxy = BC799E5325EF1A5E00262044 /* PBXContainerItemProxy */;
		};
/* End PBXTargetDependency section */

/* Begin XCBuildConfiguration section */
		BC799E5925EF1A5E00262044 /* Debug */ = {
			isa = XCBuildConfiguration;
			buildSettings = {
				ALWAYS_SEARCH_USER_PATHS = NO;
				CLANG_ANALYZER_NONNULL = YES;
				CLANG_ANALYZER_NUMBER_OBJECT_CONVERSION = YES_AGGRESSIVE;
				CLANG_CXX_LANGUAGE_STANDARD = "gnu++14";
				CLANG_CXX_LIBRARY = "libc++";
				CLANG_ENABLE_MODULES = YES;
				CLANG_ENABLE_OBJC_ARC = YES;
				CLANG_ENABLE_OBJC_WEAK = YES;
				CLANG_WARN_BLOCK_CAPTURE_AUTORELEASING = YES;
				CLANG_WARN_BOOL_CONVERSION = YES;
				CLANG_WARN_COMMA = YES;
				CLANG_WARN_CONSTANT_CONVERSION = YES;
				CLANG_WARN_DEPRECATED_OBJC_IMPLEMENTATIONS = YES;
				CLANG_WARN_DIRECT_OBJC_ISA_USAGE = YES_ERROR;
				CLANG_WARN_DOCUMENTATION_COMMENTS = YES;
				CLANG_WARN_EMPTY_BODY = YES;
				CLANG_WARN_ENUM_CONVERSION = YES;
				CLANG_WARN_INFINITE_RECURSION = YES;
				CLANG_WARN_INT_CONVERSION = YES;
				CLANG_WARN_NON_LITERAL_NULL_CONVERSION = YES;
				CLANG_WARN_OBJC_IMPLICIT_RETAIN_SELF = YES;
				CLANG_WARN_OBJC_LITERAL_CONVERSION = YES;
				CLANG_WARN_OBJC_ROOT_CLASS = YES_ERROR;
				CLANG_WARN_QUOTED_INCLUDE_IN_FRAMEWORK_HEADER = YES;
				CLANG_WARN_RANGE_LOOP_ANALYSIS = YES;
				CLANG_WARN_STRICT_PROTOTYPES = YES;
				CLANG_WARN_SUSPICIOUS_MOVE = YES;
				CLANG_WARN_UNGUARDED_AVAILABILITY = YES_AGGRESSIVE;
				CLANG_WARN_UNREACHABLE_CODE = YES;
				CLANG_WARN__DUPLICATE_METHOD_MATCH = YES;
				COPY_PHASE_STRIP = NO;
				DEBUG_INFORMATION_FORMAT = dwarf;
				ENABLE_STRICT_OBJC_MSGSEND = YES;
				ENABLE_TESTABILITY = YES;
				GCC_C_LANGUAGE_STANDARD = gnu11;
				GCC_DYNAMIC_NO_PIC = NO;
				GCC_NO_COMMON_BLOCKS = YES;
				GCC_OPTIMIZATION_LEVEL = 0;
				GCC_PREPROCESSOR_DEFINITIONS = (
					"DEBUG=1",
					"$(inherited)",
				);
				GCC_WARN_64_TO_32_BIT_CONVERSION = YES;
				GCC_WARN_ABOUT_RETURN_TYPE = YES_ERROR;
				GCC_WARN_UNDECLARED_SELECTOR = YES;
				GCC_WARN_UNINITIALIZED_AUTOS = YES_AGGRESSIVE;
				GCC_WARN_UNUSED_FUNCTION = YES;
				GCC_WARN_UNUSED_VARIABLE = YES;
				IPHONEOS_DEPLOYMENT_TARGET = 14.4;
				MTL_ENABLE_DEBUG_INFO = INCLUDE_SOURCE;
				MTL_FAST_MATH = YES;
				ONLY_ACTIVE_ARCH = YES;
				SDKROOT = iphoneos;
				SWIFT_ACTIVE_COMPILATION_CONDITIONS = DEBUG;
				SWIFT_OPTIMIZATION_LEVEL = "-Onone";
			};
			name = Debug;
		};
		BC799E5A25EF1A5E00262044 /* Release */ = {
			isa = XCBuildConfiguration;
			buildSettings = {
				ALWAYS_SEARCH_USER_PATHS = NO;
				CLANG_ANALYZER_NONNULL = YES;
				CLANG_ANALYZER_NUMBER_OBJECT_CONVERSION = YES_AGGRESSIVE;
				CLANG_CXX_LANGUAGE_STANDARD = "gnu++14";
				CLANG_CXX_LIBRARY = "libc++";
				CLANG_ENABLE_MODULES = YES;
				CLANG_ENABLE_OBJC_ARC = YES;
				CLANG_ENABLE_OBJC_WEAK = YES;
				CLANG_WARN_BLOCK_CAPTURE_AUTORELEASING = YES;
				CLANG_WARN_BOOL_CONVERSION = YES;
				CLANG_WARN_COMMA = YES;
				CLANG_WARN_CONSTANT_CONVERSION = YES;
				CLANG_WARN_DEPRECATED_OBJC_IMPLEMENTATIONS = YES;
				CLANG_WARN_DIRECT_OBJC_ISA_USAGE = YES_ERROR;
				CLANG_WARN_DOCUMENTATION_COMMENTS = YES;
				CLANG_WARN_EMPTY_BODY = YES;
				CLANG_WARN_ENUM_CONVERSION = YES;
				CLANG_WARN_INFINITE_RECURSION = YES;
				CLANG_WARN_INT_CONVERSION = YES;
				CLANG_WARN_NON_LITERAL_NULL_CONVERSION = YES;
				CLANG_WARN_OBJC_IMPLICIT_RETAIN_SELF = YES;
				CLANG_WARN_OBJC_LITERAL_CONVERSION = YES;
				CLANG_WARN_OBJC_ROOT_CLASS = YES_ERROR;
				CLANG_WARN_QUOTED_INCLUDE_IN_FRAMEWORK_HEADER = YES;
				CLANG_WARN_RANGE_LOOP_ANALYSIS = YES;
				CLANG_WARN_STRICT_PROTOTYPES = YES;
				CLANG_WARN_SUSPICIOUS_MOVE = YES;
				CLANG_WARN_UNGUARDED_AVAILABILITY = YES_AGGRESSIVE;
				CLANG_WARN_UNREACHABLE_CODE = YES;
				CLANG_WARN__DUPLICATE_METHOD_MATCH = YES;
				COPY_PHASE_STRIP = NO;
				DEBUG_INFORMATION_FORMAT = "dwarf-with-dsym";
				ENABLE_NS_ASSERTIONS = NO;
				ENABLE_STRICT_OBJC_MSGSEND = YES;
				GCC_C_LANGUAGE_STANDARD = gnu11;
				GCC_NO_COMMON_BLOCKS = YES;
				GCC_WARN_64_TO_32_BIT_CONVERSION = YES;
				GCC_WARN_ABOUT_RETURN_TYPE = YES_ERROR;
				GCC_WARN_UNDECLARED_SELECTOR = YES;
				GCC_WARN_UNINITIALIZED_AUTOS = YES_AGGRESSIVE;
				GCC_WARN_UNUSED_FUNCTION = YES;
				GCC_WARN_UNUSED_VARIABLE = YES;
				IPHONEOS_DEPLOYMENT_TARGET = 14.4;
				MTL_ENABLE_DEBUG_INFO = NO;
				MTL_FAST_MATH = YES;
				SDKROOT = iphoneos;
				SWIFT_COMPILATION_MODE = wholemodule;
				SWIFT_OPTIMIZATION_LEVEL = "-O";
				VALIDATE_PRODUCT = YES;
			};
			name = Release;
		};
		BC799E5C25EF1A5E00262044 /* Debug */ = {
			isa = XCBuildConfiguration;
			buildSettings = {
				ASSETCATALOG_COMPILER_APPICON_NAME = AppIcon;
				ASSETCATALOG_COMPILER_GLOBAL_ACCENT_COLOR_NAME = AccentColor;
				CODE_SIGN_STYLE = Automatic;
				DEVELOPMENT_ASSET_PATHS = "\"LEARN8/Preview Content\"";
				DEVELOPMENT_TEAM = K5KVXXRJ34;
				ENABLE_PREVIEWS = YES;
				INFOPLIST_FILE = LEARN8/Info.plist;
				IPHONEOS_DEPLOYMENT_TARGET = 14.0;
				LD_RUNPATH_SEARCH_PATHS = (
					"$(inherited)",
					"@executable_path/Frameworks",
				);
				PRODUCT_BUNDLE_IDENTIFIER = pleap.LEARN8;
				PRODUCT_NAME = "$(TARGET_NAME)";
				SWIFT_VERSION = 5.0;
				TARGETED_DEVICE_FAMILY = "1,2";
			};
			name = Debug;
		};
		BC799E5D25EF1A5E00262044 /* Release */ = {
			isa = XCBuildConfiguration;
			buildSettings = {
				ASSETCATALOG_COMPILER_APPICON_NAME = AppIcon;
				ASSETCATALOG_COMPILER_GLOBAL_ACCENT_COLOR_NAME = AccentColor;
				CODE_SIGN_STYLE = Automatic;
				DEVELOPMENT_ASSET_PATHS = "\"LEARN8/Preview Content\"";
				DEVELOPMENT_TEAM = K5KVXXRJ34;
				ENABLE_PREVIEWS = YES;
				INFOPLIST_FILE = LEARN8/Info.plist;
				IPHONEOS_DEPLOYMENT_TARGET = 14.0;
				LD_RUNPATH_SEARCH_PATHS = (
					"$(inherited)",
					"@executable_path/Frameworks",
				);
				PRODUCT_BUNDLE_IDENTIFIER = pleap.LEARN8;
				PRODUCT_NAME = "$(TARGET_NAME)";
				SWIFT_VERSION = 5.0;
				TARGETED_DEVICE_FAMILY = "1,2";
			};
			name = Release;
		};
		BC799E5F25EF1A5E00262044 /* Debug */ = {
			isa = XCBuildConfiguration;
			buildSettings = {
				ALWAYS_EMBED_SWIFT_STANDARD_LIBRARIES = YES;
				BUNDLE_LOADER = "$(TEST_HOST)";
				CODE_SIGN_STYLE = Automatic;
				DEVELOPMENT_TEAM = K5KVXXRJ34;
				INFOPLIST_FILE = LEARN8Tests/Info.plist;
				IPHONEOS_DEPLOYMENT_TARGET = 14.0;
				LD_RUNPATH_SEARCH_PATHS = (
					"$(inherited)",
					"@executable_path/Frameworks",
					"@loader_path/Frameworks",
				);
				PRODUCT_BUNDLE_IDENTIFIER = pleap.LEARN8Tests;
				PRODUCT_NAME = "$(TARGET_NAME)";
				SWIFT_VERSION = 5.0;
				TARGETED_DEVICE_FAMILY = "1,2";
				TEST_HOST = "$(BUILT_PRODUCTS_DIR)/LEARN8.app/LEARN8";
			};
			name = Debug;
		};
		BC799E6025EF1A5E00262044 /* Release */ = {
			isa = XCBuildConfiguration;
			buildSettings = {
				ALWAYS_EMBED_SWIFT_STANDARD_LIBRARIES = YES;
				BUNDLE_LOADER = "$(TEST_HOST)";
				CODE_SIGN_STYLE = Automatic;
				DEVELOPMENT_TEAM = K5KVXXRJ34;
				INFOPLIST_FILE = LEARN8Tests/Info.plist;
				IPHONEOS_DEPLOYMENT_TARGET = 14.0;
				LD_RUNPATH_SEARCH_PATHS = (
					"$(inherited)",
					"@executable_path/Frameworks",
					"@loader_path/Frameworks",
				);
				PRODUCT_BUNDLE_IDENTIFIER = pleap.LEARN8Tests;
				PRODUCT_NAME = "$(TARGET_NAME)";
				SWIFT_VERSION = 5.0;
				TARGETED_DEVICE_FAMILY = "1,2";
				TEST_HOST = "$(BUILT_PRODUCTS_DIR)/LEARN8.app/LEARN8";
			};
			name = Release;
		};
		BC799E6225EF1A5E00262044 /* Debug */ = {
			isa = XCBuildConfiguration;
			buildSettings = {
				ALWAYS_EMBED_SWIFT_STANDARD_LIBRARIES = YES;
				CODE_SIGN_STYLE = Automatic;
				DEVELOPMENT_TEAM = K5KVXXRJ34;
				INFOPLIST_FILE = LEARN8UITests/Info.plist;
				LD_RUNPATH_SEARCH_PATHS = (
					"$(inherited)",
					"@executable_path/Frameworks",
					"@loader_path/Frameworks",
				);
				PRODUCT_BUNDLE_IDENTIFIER = pleap.LEARN8UITests;
				PRODUCT_NAME = "$(TARGET_NAME)";
				SWIFT_VERSION = 5.0;
				TARGETED_DEVICE_FAMILY = "1,2";
				TEST_TARGET_NAME = LEARN8;
			};
			name = Debug;
		};
		BC799E6325EF1A5E00262044 /* Release */ = {
			isa = XCBuildConfiguration;
			buildSettings = {
				ALWAYS_EMBED_SWIFT_STANDARD_LIBRARIES = YES;
				CODE_SIGN_STYLE = Automatic;
				DEVELOPMENT_TEAM = K5KVXXRJ34;
				INFOPLIST_FILE = LEARN8UITests/Info.plist;
				LD_RUNPATH_SEARCH_PATHS = (
					"$(inherited)",
					"@executable_path/Frameworks",
					"@loader_path/Frameworks",
				);
				PRODUCT_BUNDLE_IDENTIFIER = pleap.LEARN8UITests;
				PRODUCT_NAME = "$(TARGET_NAME)";
				SWIFT_VERSION = 5.0;
				TARGETED_DEVICE_FAMILY = "1,2";
				TEST_TARGET_NAME = LEARN8;
			};
			name = Release;
		};
/* End XCBuildConfiguration section */

/* Begin XCConfigurationList section */
		BC799E3125EF1A5D00262044 /* Build configuration list for PBXProject "LEARN8" */ = {
			isa = XCConfigurationList;
			buildConfigurations = (
				BC799E5925EF1A5E00262044 /* Debug */,
				BC799E5A25EF1A5E00262044 /* Release */,
			);
			defaultConfigurationIsVisible = 0;
			defaultConfigurationName = Release;
		};
		BC799E5B25EF1A5E00262044 /* Build configuration list for PBXNativeTarget "LEARN8" */ = {
			isa = XCConfigurationList;
			buildConfigurations = (
				BC799E5C25EF1A5E00262044 /* Debug */,
				BC799E5D25EF1A5E00262044 /* Release */,
			);
			defaultConfigurationIsVisible = 0;
			defaultConfigurationName = Release;
		};
		BC799E5E25EF1A5E00262044 /* Build configuration list for PBXNativeTarget "LEARN8Tests" */ = {
			isa = XCConfigurationList;
			buildConfigurations = (
				BC799E5F25EF1A5E00262044 /* Debug */,
				BC799E6025EF1A5E00262044 /* Release */,
			);
			defaultConfigurationIsVisible = 0;
			defaultConfigurationName = Release;
		};
		BC799E6125EF1A5E00262044 /* Build configuration list for PBXNativeTarget "LEARN8UITests" */ = {
			isa = XCConfigurationList;
			buildConfigurations = (
				BC799E6225EF1A5E00262044 /* Debug */,
				BC799E6325EF1A5E00262044 /* Release */,
			);
			defaultConfigurationIsVisible = 0;
			defaultConfigurationName = Release;
		};
/* End XCConfigurationList section */
	};
	rootObject = BC799E2E25EF1A5D00262044 /* Project object */;
}
