// !$*UTF8*$!
{
	archiveVersion = 1;
	classes = {
	};
	objectVersion = 50;
	objects = {

/* Begin PBXBuildFile section */
		BCBB821A25D66CBA003256EB /* LEARN4App.swift in Sources */ = {isa = PBXBuildFile; fileRef = BCBB821925D66CBA003256EB /* LEARN4App.swift */; };
		BCBB821C25D66CBA003256EB /* ContentView.swift in Sources */ = {isa = PBXBuildFile; fileRef = BCBB821B25D66CBA003256EB /* ContentView.swift */; };
		BCBB821E25D66CBA003256EB /* Assets.xcassets in Resources */ = {isa = PBXBuildFile; fileRef = BCBB821D25D66CBA003256EB /* Assets.xcassets */; };
		BCBB822125D66CBA003256EB /* Preview Assets.xcassets in Resources */ = {isa = PBXBuildFile; fileRef = BCBB822025D66CBA003256EB /* Preview Assets.xcassets */; };
		BCBB822C25D66CBA003256EB /* LEARN4Tests.swift in Sources */ = {isa = PBXBuildFile; fileRef = BCBB822B25D66CBA003256EB /* LEARN4Tests.swift */; };
		BCBB823725D66CBA003256EB /* LEARN4UITests.swift in Sources */ = {isa = PBXBuildFile; fileRef = BCBB823625D66CBA003256EB /* LEARN4UITests.swift */; };
/* End PBXBuildFile section */

/* Begin PBXContainerItemProxy section */
		BCBB822825D66CBA003256EB /* PBXContainerItemProxy */ = {
			isa = PBXContainerItemProxy;
			containerPortal = BCBB820E25D66CBA003256EB /* Project object */;
			proxyType = 1;
			remoteGlobalIDString = BCBB821525D66CBA003256EB;
			remoteInfo = LEARN4;
		};
		BCBB823325D66CBA003256EB /* PBXContainerItemProxy */ = {
			isa = PBXContainerItemProxy;
			containerPortal = BCBB820E25D66CBA003256EB /* Project object */;
			proxyType = 1;
			remoteGlobalIDString = BCBB821525D66CBA003256EB;
			remoteInfo = LEARN4;
		};
/* End PBXContainerItemProxy section */

/* Begin PBXFileReference section */
		BCBB821625D66CBA003256EB /* LEARN4.app */ = {isa = PBXFileReference; explicitFileType = wrapper.application; includeInIndex = 0; path = LEARN4.app; sourceTree = BUILT_PRODUCTS_DIR; };
		BCBB821925D66CBA003256EB /* LEARN4App.swift */ = {isa = PBXFileReference; lastKnownFileType = sourcecode.swift; path = LEARN4App.swift; sourceTree = "<group>"; };
		BCBB821B25D66CBA003256EB /* ContentView.swift */ = {isa = PBXFileReference; lastKnownFileType = sourcecode.swift; path = ContentView.swift; sourceTree = "<group>"; };
		BCBB821D25D66CBA003256EB /* Assets.xcassets */ = {isa = PBXFileReference; lastKnownFileType = folder.assetcatalog; path = Assets.xcassets; sourceTree = "<group>"; };
		BCBB822025D66CBA003256EB /* Preview Assets.xcassets */ = {isa = PBXFileReference; lastKnownFileType = folder.assetcatalog; path = "Preview Assets.xcassets"; sourceTree = "<group>"; };
		BCBB822225D66CBA003256EB /* Info.plist */ = {isa = PBXFileReference; lastKnownFileType = text.plist.xml; path = Info.plist; sourceTree = "<group>"; };
		BCBB822725D66CBA003256EB /* LEARN4Tests.xctest */ = {isa = PBXFileReference; explicitFileType = wrapper.cfbundle; includeInIndex = 0; path = LEARN4Tests.xctest; sourceTree = BUILT_PRODUCTS_DIR; };
		BCBB822B25D66CBA003256EB /* LEARN4Tests.swift */ = {isa = PBXFileReference; lastKnownFileType = sourcecode.swift; path = LEARN4Tests.swift; sourceTree = "<group>"; };
		BCBB822D25D66CBA003256EB /* Info.plist */ = {isa = PBXFileReference; lastKnownFileType = text.plist.xml; path = Info.plist; sourceTree = "<group>"; };
		BCBB823225D66CBA003256EB /* LEARN4UITests.xctest */ = {isa = PBXFileReference; explicitFileType = wrapper.cfbundle; includeInIndex = 0; path = LEARN4UITests.xctest; sourceTree = BUILT_PRODUCTS_DIR; };
		BCBB823625D66CBA003256EB /* LEARN4UITests.swift */ = {isa = PBXFileReference; lastKnownFileType = sourcecode.swift; path = LEARN4UITests.swift; sourceTree = "<group>"; };
		BCBB823825D66CBA003256EB /* Info.plist */ = {isa = PBXFileReference; lastKnownFileType = text.plist.xml; path = Info.plist; sourceTree = "<group>"; };
/* End PBXFileReference section */

/* Begin PBXFrameworksBuildPhase section */
		BCBB821325D66CBA003256EB /* Frameworks */ = {
			isa = PBXFrameworksBuildPhase;
			buildActionMask = 2147483647;
			files = (
			);
			runOnlyForDeploymentPostprocessing = 0;
		};
		BCBB822425D66CBA003256EB /* Frameworks */ = {
			isa = PBXFrameworksBuildPhase;
			buildActionMask = 2147483647;
			files = (
			);
			runOnlyForDeploymentPostprocessing = 0;
		};
		BCBB822F25D66CBA003256EB /* Frameworks */ = {
			isa = PBXFrameworksBuildPhase;
			buildActionMask = 2147483647;
			files = (
			);
			runOnlyForDeploymentPostprocessing = 0;
		};
/* End PBXFrameworksBuildPhase section */

/* Begin PBXGroup section */
		BCBB820D25D66CBA003256EB = {
			isa = PBXGroup;
			children = (
				BCBB821825D66CBA003256EB /* LEARN4 */,
				BCBB822A25D66CBA003256EB /* LEARN4Tests */,
				BCBB823525D66CBA003256EB /* LEARN4UITests */,
				BCBB821725D66CBA003256EB /* Products */,
			);
			sourceTree = "<group>";
		};
		BCBB821725D66CBA003256EB /* Products */ = {
			isa = PBXGroup;
			children = (
				BCBB821625D66CBA003256EB /* LEARN4.app */,
				BCBB822725D66CBA003256EB /* LEARN4Tests.xctest */,
				BCBB823225D66CBA003256EB /* LEARN4UITests.xctest */,
			);
			name = Products;
			sourceTree = "<group>";
		};
		BCBB821825D66CBA003256EB /* LEARN4 */ = {
			isa = PBXGroup;
			children = (
				BCBB821925D66CBA003256EB /* LEARN4App.swift */,
				BCBB821B25D66CBA003256EB /* ContentView.swift */,
				BCBB821D25D66CBA003256EB /* Assets.xcassets */,
				BCBB822225D66CBA003256EB /* Info.plist */,
				BCBB821F25D66CBA003256EB /* Preview Content */,
			);
			path = LEARN4;
			sourceTree = "<group>";
		};
		BCBB821F25D66CBA003256EB /* Preview Content */ = {
			isa = PBXGroup;
			children = (
				BCBB822025D66CBA003256EB /* Preview Assets.xcassets */,
			);
			path = "Preview Content";
			sourceTree = "<group>";
		};
		BCBB822A25D66CBA003256EB /* LEARN4Tests */ = {
			isa = PBXGroup;
			children = (
				BCBB822B25D66CBA003256EB /* LEARN4Tests.swift */,
				BCBB822D25D66CBA003256EB /* Info.plist */,
			);
			path = LEARN4Tests;
			sourceTree = "<group>";
		};
		BCBB823525D66CBA003256EB /* LEARN4UITests */ = {
			isa = PBXGroup;
			children = (
				BCBB823625D66CBA003256EB /* LEARN4UITests.swift */,
				BCBB823825D66CBA003256EB /* Info.plist */,
			);
			path = LEARN4UITests;
			sourceTree = "<group>";
		};
/* End PBXGroup section */

/* Begin PBXNativeTarget section */
		BCBB821525D66CBA003256EB /* LEARN4 */ = {
			isa = PBXNativeTarget;
			buildConfigurationList = BCBB823B25D66CBA003256EB /* Build configuration list for PBXNativeTarget "LEARN4" */;
			buildPhases = (
				BCBB821225D66CBA003256EB /* Sources */,
				BCBB821325D66CBA003256EB /* Frameworks */,
				BCBB821425D66CBA003256EB /* Resources */,
			);
			buildRules = (
			);
			dependencies = (
			);
			name = LEARN4;
			productName = LEARN4;
			productReference = BCBB821625D66CBA003256EB /* LEARN4.app */;
			productType = "com.apple.product-type.application";
		};
		BCBB822625D66CBA003256EB /* LEARN4Tests */ = {
			isa = PBXNativeTarget;
			buildConfigurationList = BCBB823E25D66CBA003256EB /* Build configuration list for PBXNativeTarget "LEARN4Tests" */;
			buildPhases = (
				BCBB822325D66CBA003256EB /* Sources */,
				BCBB822425D66CBA003256EB /* Frameworks */,
				BCBB822525D66CBA003256EB /* Resources */,
			);
			buildRules = (
			);
			dependencies = (
				BCBB822925D66CBA003256EB /* PBXTargetDependency */,
			);
			name = LEARN4Tests;
			productName = LEARN4Tests;
			productReference = BCBB822725D66CBA003256EB /* LEARN4Tests.xctest */;
			productType = "com.apple.product-type.bundle.unit-test";
		};
		BCBB823125D66CBA003256EB /* LEARN4UITests */ = {
			isa = PBXNativeTarget;
			buildConfigurationList = BCBB824125D66CBA003256EB /* Build configuration list for PBXNativeTarget "LEARN4UITests" */;
			buildPhases = (
				BCBB822E25D66CBA003256EB /* Sources */,
				BCBB822F25D66CBA003256EB /* Frameworks */,
				BCBB823025D66CBA003256EB /* Resources */,
			);
			buildRules = (
			);
			dependencies = (
				BCBB823425D66CBA003256EB /* PBXTargetDependency */,
			);
			name = LEARN4UITests;
			productName = LEARN4UITests;
			productReference = BCBB823225D66CBA003256EB /* LEARN4UITests.xctest */;
			productType = "com.apple.product-type.bundle.ui-testing";
		};
/* End PBXNativeTarget section */

/* Begin PBXProject section */
		BCBB820E25D66CBA003256EB /* Project object */ = {
			isa = PBXProject;
			attributes = {
				LastSwiftUpdateCheck = 1240;
				LastUpgradeCheck = 1240;
				TargetAttributes = {
					BCBB821525D66CBA003256EB = {
						CreatedOnToolsVersion = 12.4;
					};
					BCBB822625D66CBA003256EB = {
						CreatedOnToolsVersion = 12.4;
						TestTargetID = BCBB821525D66CBA003256EB;
					};
					BCBB823125D66CBA003256EB = {
						CreatedOnToolsVersion = 12.4;
						TestTargetID = BCBB821525D66CBA003256EB;
					};
				};
			};
			buildConfigurationList = BCBB821125D66CBA003256EB /* Build configuration list for PBXProject "LEARN4" */;
			compatibilityVersion = "Xcode 9.3";
			developmentRegion = en;
			hasScannedForEncodings = 0;
			knownRegions = (
				en,
				Base,
			);
			mainGroup = BCBB820D25D66CBA003256EB;
			productRefGroup = BCBB821725D66CBA003256EB /* Products */;
			projectDirPath = "";
			projectRoot = "";
			targets = (
				BCBB821525D66CBA003256EB /* LEARN4 */,
				BCBB822625D66CBA003256EB /* LEARN4Tests */,
				BCBB823125D66CBA003256EB /* LEARN4UITests */,
			);
		};
/* End PBXProject section */

/* Begin PBXResourcesBuildPhase section */
		BCBB821425D66CBA003256EB /* Resources */ = {
			isa = PBXResourcesBuildPhase;
			buildActionMask = 2147483647;
			files = (
				BCBB822125D66CBA003256EB /* Preview Assets.xcassets in Resources */,
				BCBB821E25D66CBA003256EB /* Assets.xcassets in Resources */,
			);
			runOnlyForDeploymentPostprocessing = 0;
		};
		BCBB822525D66CBA003256EB /* Resources */ = {
			isa = PBXResourcesBuildPhase;
			buildActionMask = 2147483647;
			files = (
			);
			runOnlyForDeploymentPostprocessing = 0;
		};
		BCBB823025D66CBA003256EB /* Resources */ = {
			isa = PBXResourcesBuildPhase;
			buildActionMask = 2147483647;
			files = (
			);
			runOnlyForDeploymentPostprocessing = 0;
		};
/* End PBXResourcesBuildPhase section */

/* Begin PBXSourcesBuildPhase section */
		BCBB821225D66CBA003256EB /* Sources */ = {
			isa = PBXSourcesBuildPhase;
			buildActionMask = 2147483647;
			files = (
				BCBB821C25D66CBA003256EB /* ContentView.swift in Sources */,
				BCBB821A25D66CBA003256EB /* LEARN4App.swift in Sources */,
			);
			runOnlyForDeploymentPostprocessing = 0;
		};
		BCBB822325D66CBA003256EB /* Sources */ = {
			isa = PBXSourcesBuildPhase;
			buildActionMask = 2147483647;
			files = (
				BCBB822C25D66CBA003256EB /* LEARN4Tests.swift in Sources */,
			);
			runOnlyForDeploymentPostprocessing = 0;
		};
		BCBB822E25D66CBA003256EB /* Sources */ = {
			isa = PBXSourcesBuildPhase;
			buildActionMask = 2147483647;
			files = (
				BCBB823725D66CBA003256EB /* LEARN4UITests.swift in Sources */,
			);
			runOnlyForDeploymentPostprocessing = 0;
		};
/* End PBXSourcesBuildPhase section */

/* Begin PBXTargetDependency section */
		BCBB822925D66CBA003256EB /* PBXTargetDependency */ = {
			isa = PBXTargetDependency;
			target = BCBB821525D66CBA003256EB /* LEARN4 */;
			targetProxy = BCBB822825D66CBA003256EB /* PBXContainerItemProxy */;
		};
		BCBB823425D66CBA003256EB /* PBXTargetDependency */ = {
			isa = PBXTargetDependency;
			target = BCBB821525D66CBA003256EB /* LEARN4 */;
			targetProxy = BCBB823325D66CBA003256EB /* PBXContainerItemProxy */;
		};
/* End PBXTargetDependency section */

/* Begin XCBuildConfiguration section */
		BCBB823925D66CBA003256EB /* Debug */ = {
			isa = XCBuildConfiguration;
			buildSettings = {
				ALWAYS_SEARCH_USER_PATHS = NO;
				CLANG_ANALYZER_NONNULL = YES;
				CLANG_ANALYZER_NUMBER_OBJECT_CONVERSION = YES_AGGRESSIVE;
				CLANG_CXX_LANGUAGE_STANDARD = "gnu++14";
				CLANG_CXX_LIBRARY = "libc++";
				CLANG_ENABLE_MODULES = YES;
				CLANG_ENABLE_OBJC_ARC = YES;
				CLANG_ENABLE_OBJC_WEAK = YES;
				CLANG_WARN_BLOCK_CAPTURE_AUTORELEASING = YES;
				CLANG_WARN_BOOL_CONVERSION = YES;
				CLANG_WARN_COMMA = YES;
				CLANG_WARN_CONSTANT_CONVERSION = YES;
				CLANG_WARN_DEPRECATED_OBJC_IMPLEMENTATIONS = YES;
				CLANG_WARN_DIRECT_OBJC_ISA_USAGE = YES_ERROR;
				CLANG_WARN_DOCUMENTATION_COMMENTS = YES;
				CLANG_WARN_EMPTY_BODY = YES;
				CLANG_WARN_ENUM_CONVERSION = YES;
				CLANG_WARN_INFINITE_RECURSION = YES;
				CLANG_WARN_INT_CONVERSION = YES;
				CLANG_WARN_NON_LITERAL_NULL_CONVERSION = YES;
				CLANG_WARN_OBJC_IMPLICIT_RETAIN_SELF = YES;
				CLANG_WARN_OBJC_LITERAL_CONVERSION = YES;
				CLANG_WARN_OBJC_ROOT_CLASS = YES_ERROR;
				CLANG_WARN_QUOTED_INCLUDE_IN_FRAMEWORK_HEADER = YES;
				CLANG_WARN_RANGE_LOOP_ANALYSIS = YES;
				CLANG_WARN_STRICT_PROTOTYPES = YES;
				CLANG_WARN_SUSPICIOUS_MOVE = YES;
				CLANG_WARN_UNGUARDED_AVAILABILITY = YES_AGGRESSIVE;
				CLANG_WARN_UNREACHABLE_CODE = YES;
				CLANG_WARN__DUPLICATE_METHOD_MATCH = YES;
				COPY_PHASE_STRIP = NO;
				DEBUG_INFORMATION_FORMAT = dwarf;
				ENABLE_STRICT_OBJC_MSGSEND = YES;
				ENABLE_TESTABILITY = YES;
				GCC_C_LANGUAGE_STANDARD = gnu11;
				GCC_DYNAMIC_NO_PIC = NO;
				GCC_NO_COMMON_BLOCKS = YES;
				GCC_OPTIMIZATION_LEVEL = 0;
				GCC_PREPROCESSOR_DEFINITIONS = (
					"DEBUG=1",
					"$(inherited)",
				);
				GCC_WARN_64_TO_32_BIT_CONVERSION = YES;
				GCC_WARN_ABOUT_RETURN_TYPE = YES_ERROR;
				GCC_WARN_UNDECLARED_SELECTOR = YES;
				GCC_WARN_UNINITIALIZED_AUTOS = YES_AGGRESSIVE;
				GCC_WARN_UNUSED_FUNCTION = YES;
				GCC_WARN_UNUSED_VARIABLE = YES;
				IPHONEOS_DEPLOYMENT_TARGET = 14.4;
				MTL_ENABLE_DEBUG_INFO = INCLUDE_SOURCE;
				MTL_FAST_MATH = YES;
				ONLY_ACTIVE_ARCH = YES;
				SDKROOT = iphoneos;
				SWIFT_ACTIVE_COMPILATION_CONDITIONS = DEBUG;
				SWIFT_OPTIMIZATION_LEVEL = "-Onone";
			};
			name = Debug;
		};
		BCBB823A25D66CBA003256EB /* Release */ = {
			isa = XCBuildConfiguration;
			buildSettings = {
				ALWAYS_SEARCH_USER_PATHS = NO;
				CLANG_ANALYZER_NONNULL = YES;
				CLANG_ANALYZER_NUMBER_OBJECT_CONVERSION = YES_AGGRESSIVE;
				CLANG_CXX_LANGUAGE_STANDARD = "gnu++14";
				CLANG_CXX_LIBRARY = "libc++";
				CLANG_ENABLE_MODULES = YES;
				CLANG_ENABLE_OBJC_ARC = YES;
				CLANG_ENABLE_OBJC_WEAK = YES;
				CLANG_WARN_BLOCK_CAPTURE_AUTORELEASING = YES;
				CLANG_WARN_BOOL_CONVERSION = YES;
				CLANG_WARN_COMMA = YES;
				CLANG_WARN_CONSTANT_CONVERSION = YES;
				CLANG_WARN_DEPRECATED_OBJC_IMPLEMENTATIONS = YES;
				CLANG_WARN_DIRECT_OBJC_ISA_USAGE = YES_ERROR;
				CLANG_WARN_DOCUMENTATION_COMMENTS = YES;
				CLANG_WARN_EMPTY_BODY = YES;
				CLANG_WARN_ENUM_CONVERSION = YES;
				CLANG_WARN_INFINITE_RECURSION = YES;
				CLANG_WARN_INT_CONVERSION = YES;
				CLANG_WARN_NON_LITERAL_NULL_CONVERSION = YES;
				CLANG_WARN_OBJC_IMPLICIT_RETAIN_SELF = YES;
				CLANG_WARN_OBJC_LITERAL_CONVERSION = YES;
				CLANG_WARN_OBJC_ROOT_CLASS = YES_ERROR;
				CLANG_WARN_QUOTED_INCLUDE_IN_FRAMEWORK_HEADER = YES;
				CLANG_WARN_RANGE_LOOP_ANALYSIS = YES;
				CLANG_WARN_STRICT_PROTOTYPES = YES;
				CLANG_WARN_SUSPICIOUS_MOVE = YES;
				CLANG_WARN_UNGUARDED_AVAILABILITY = YES_AGGRESSIVE;
				CLANG_WARN_UNREACHABLE_CODE = YES;
				CLANG_WARN__DUPLICATE_METHOD_MATCH = YES;
				COPY_PHASE_STRIP = NO;
				DEBUG_INFORMATION_FORMAT = "dwarf-with-dsym";
				ENABLE_NS_ASSERTIONS = NO;
				ENABLE_STRICT_OBJC_MSGSEND = YES;
				GCC_C_LANGUAGE_STANDARD = gnu11;
				GCC_NO_COMMON_BLOCKS = YES;
				GCC_WARN_64_TO_32_BIT_CONVERSION = YES;
				GCC_WARN_ABOUT_RETURN_TYPE = YES_ERROR;
				GCC_WARN_UNDECLARED_SELECTOR = YES;
				GCC_WARN_UNINITIALIZED_AUTOS = YES_AGGRESSIVE;
				GCC_WARN_UNUSED_FUNCTION = YES;
				GCC_WARN_UNUSED_VARIABLE = YES;
				IPHONEOS_DEPLOYMENT_TARGET = 14.4;
				MTL_ENABLE_DEBUG_INFO = NO;
				MTL_FAST_MATH = YES;
				SDKROOT = iphoneos;
				SWIFT_COMPILATION_MODE = wholemodule;
				SWIFT_OPTIMIZATION_LEVEL = "-O";
				VALIDATE_PRODUCT = YES;
			};
			name = Release;
		};
		BCBB823C25D66CBA003256EB /* Debug */ = {
			isa = XCBuildConfiguration;
			buildSettings = {
				ASSETCATALOG_COMPILER_APPICON_NAME = AppIcon;
				ASSETCATALOG_COMPILER_GLOBAL_ACCENT_COLOR_NAME = AccentColor;
				CODE_SIGN_STYLE = Automatic;
				DEVELOPMENT_ASSET_PATHS = "\"LEARN4/Preview Content\"";
				DEVELOPMENT_TEAM = K5KVXXRJ34;
				ENABLE_PREVIEWS = YES;
				INFOPLIST_FILE = LEARN4/Info.plist;
				IPHONEOS_DEPLOYMENT_TARGET = 14.0;
				LD_RUNPATH_SEARCH_PATHS = (
					"$(inherited)",
					"@executable_path/Frameworks",
				);
				PRODUCT_BUNDLE_IDENTIFIER = pleap.LEARN4;
				PRODUCT_NAME = "$(TARGET_NAME)";
				SWIFT_VERSION = 5.0;
				TARGETED_DEVICE_FAMILY = "1,2";
			};
			name = Debug;
		};
		BCBB823D25D66CBA003256EB /* Release */ = {
			isa = XCBuildConfiguration;
			buildSettings = {
				ASSETCATALOG_COMPILER_APPICON_NAME = AppIcon;
				ASSETCATALOG_COMPILER_GLOBAL_ACCENT_COLOR_NAME = AccentColor;
				CODE_SIGN_STYLE = Automatic;
				DEVELOPMENT_ASSET_PATHS = "\"LEARN4/Preview Content\"";
				DEVELOPMENT_TEAM = K5KVXXRJ34;
				ENABLE_PREVIEWS = YES;
				INFOPLIST_FILE = LEARN4/Info.plist;
				IPHONEOS_DEPLOYMENT_TARGET = 14.0;
				LD_RUNPATH_SEARCH_PATHS = (
					"$(inherited)",
					"@executable_path/Frameworks",
				);
				PRODUCT_BUNDLE_IDENTIFIER = pleap.LEARN4;
				PRODUCT_NAME = "$(TARGET_NAME)";
				SWIFT_VERSION = 5.0;
				TARGETED_DEVICE_FAMILY = "1,2";
			};
			name = Release;
		};
		BCBB823F25D66CBA003256EB /* Debug */ = {
			isa = XCBuildConfiguration;
			buildSettings = {
				ALWAYS_EMBED_SWIFT_STANDARD_LIBRARIES = YES;
				BUNDLE_LOADER = "$(TEST_HOST)";
				CODE_SIGN_STYLE = Automatic;
				DEVELOPMENT_TEAM = K5KVXXRJ34;
				INFOPLIST_FILE = LEARN4Tests/Info.plist;
				IPHONEOS_DEPLOYMENT_TARGET = 14.0;
				LD_RUNPATH_SEARCH_PATHS = (
					"$(inherited)",
					"@executable_path/Frameworks",
					"@loader_path/Frameworks",
				);
				PRODUCT_BUNDLE_IDENTIFIER = pleap.LEARN4Tests;
				PRODUCT_NAME = "$(TARGET_NAME)";
				SWIFT_VERSION = 5.0;
				TARGETED_DEVICE_FAMILY = "1,2";
				TEST_HOST = "$(BUILT_PRODUCTS_DIR)/LEARN4.app/LEARN4";
			};
			name = Debug;
		};
		BCBB824025D66CBA003256EB /* Release */ = {
			isa = XCBuildConfiguration;
			buildSettings = {
				ALWAYS_EMBED_SWIFT_STANDARD_LIBRARIES = YES;
				BUNDLE_LOADER = "$(TEST_HOST)";
				CODE_SIGN_STYLE = Automatic;
				DEVELOPMENT_TEAM = K5KVXXRJ34;
				INFOPLIST_FILE = LEARN4Tests/Info.plist;
				IPHONEOS_DEPLOYMENT_TARGET = 14.0;
				LD_RUNPATH_SEARCH_PATHS = (
					"$(inherited)",
					"@executable_path/Frameworks",
					"@loader_path/Frameworks",
				);
				PRODUCT_BUNDLE_IDENTIFIER = pleap.LEARN4Tests;
				PRODUCT_NAME = "$(TARGET_NAME)";
				SWIFT_VERSION = 5.0;
				TARGETED_DEVICE_FAMILY = "1,2";
				TEST_HOST = "$(BUILT_PRODUCTS_DIR)/LEARN4.app/LEARN4";
			};
			name = Release;
		};
		BCBB824225D66CBA003256EB /* Debug */ = {
			isa = XCBuildConfiguration;
			buildSettings = {
				ALWAYS_EMBED_SWIFT_STANDARD_LIBRARIES = YES;
				CODE_SIGN_STYLE = Automatic;
				DEVELOPMENT_TEAM = K5KVXXRJ34;
				INFOPLIST_FILE = LEARN4UITests/Info.plist;
				LD_RUNPATH_SEARCH_PATHS = (
					"$(inherited)",
					"@executable_path/Frameworks",
					"@loader_path/Frameworks",
				);
				PRODUCT_BUNDLE_IDENTIFIER = pleap.LEARN4UITests;
				PRODUCT_NAME = "$(TARGET_NAME)";
				SWIFT_VERSION = 5.0;
				TARGETED_DEVICE_FAMILY = "1,2";
				TEST_TARGET_NAME = LEARN4;
			};
			name = Debug;
		};
		BCBB824325D66CBA003256EB /* Release */ = {
			isa = XCBuildConfiguration;
			buildSettings = {
				ALWAYS_EMBED_SWIFT_STANDARD_LIBRARIES = YES;
				CODE_SIGN_STYLE = Automatic;
				DEVELOPMENT_TEAM = K5KVXXRJ34;
				INFOPLIST_FILE = LEARN4UITests/Info.plist;
				LD_RUNPATH_SEARCH_PATHS = (
					"$(inherited)",
					"@executable_path/Frameworks",
					"@loader_path/Frameworks",
				);
				PRODUCT_BUNDLE_IDENTIFIER = pleap.LEARN4UITests;
				PRODUCT_NAME = "$(TARGET_NAME)";
				SWIFT_VERSION = 5.0;
				TARGETED_DEVICE_FAMILY = "1,2";
				TEST_TARGET_NAME = LEARN4;
			};
			name = Release;
		};
/* End XCBuildConfiguration section */

/* Begin XCConfigurationList section */
		BCBB821125D66CBA003256EB /* Build configuration list for PBXProject "LEARN4" */ = {
			isa = XCConfigurationList;
			buildConfigurations = (
				BCBB823925D66CBA003256EB /* Debug */,
				BCBB823A25D66CBA003256EB /* Release */,
			);
			defaultConfigurationIsVisible = 0;
			defaultConfigurationName = Release;
		};
		BCBB823B25D66CBA003256EB /* Build configuration list for PBXNativeTarget "LEARN4" */ = {
			isa = XCConfigurationList;
			buildConfigurations = (
				BCBB823C25D66CBA003256EB /* Debug */,
				BCBB823D25D66CBA003256EB /* Release */,
			);
			defaultConfigurationIsVisible = 0;
			defaultConfigurationName = Release;
		};
		BCBB823E25D66CBA003256EB /* Build configuration list for PBXNativeTarget "LEARN4Tests" */ = {
			isa = XCConfigurationList;
			buildConfigurations = (
				BCBB823F25D66CBA003256EB /* Debug */,
				BCBB824025D66CBA003256EB /* Release */,
			);
			defaultConfigurationIsVisible = 0;
			defaultConfigurationName = Release;
		};
		BCBB824125D66CBA003256EB /* Build configuration list for PBXNativeTarget "LEARN4UITests" */ = {
			isa = XCConfigurationList;
			buildConfigurations = (
				BCBB824225D66CBA003256EB /* Debug */,
				BCBB824325D66CBA003256EB /* Release */,
			);
			defaultConfigurationIsVisible = 0;
			defaultConfigurationName = Release;
		};
/* End XCConfigurationList section */
	};
	rootObject = BCBB820E25D66CBA003256EB /* Project object */;
}
